
Microsoft Visual Studio Solution File, Format Version 12.00
# Visual Studio Version 17
VisualStudioVersion = 17.0.32112.339
MinimumVisualStudioVersion = 10.0.40219.1
Project("{8BC9CEB8-8B4A-11D0-8D11-00A0C91BC942}") = "MuPDFLib", "MuPDFlib\MuPDFLib.vcxproj", "{1897AFFE-97EC-4B8E-ADCC-6A19BA3F9EEF}"
EndProject
Project("{FAE04EC0-301F-11D3-BF4B-00C04F79EFBC}") = "MuPDF", "MuPDF\MuPDF.csproj", "{5E72E751-1FE9-451B-B548-B645829A0951}"
EndProject
Project("{8BC9CEB8-8B4A-11D0-8D11-00A0C91BC942}") = "generated", "pub\platform\win32\generated.vcxproj", "{A5053AA7-02E5-4903-B596-04F17AEB1526}"
EndProject
Project("{8BC9CEB8-8B4A-11D0-8D11-00A0C91BC942}") = "libmupdf", "pub\platform\win32\libmupdf.vcxproj", "{5F615F91-DFF8-4F05-BF48-6222B7D86519}"
EndProject
Project("{8BC9CEB8-8B4A-11D0-8D11-00A0C91BC942}") = "libthirdparty", "pub\platform\win32\libthirdparty.vcxproj", "{5EDCF4FD-0291-4FB9-8D96-D58957CA5E3C}"
EndProject
Global
	GlobalSection(SolutionConfigurationPlatforms) = preSolution
		Debug|Any CPU = Debug|Any CPU
		Debug|Win32 = Debug|Win32
		Debug|x64 = Debug|x64
		Release|Any CPU = Release|Any CPU
		Release|Win32 = Release|Win32
		Release|x64 = Release|x64
	EndGlobalSection
	GlobalSection(ProjectConfigurationPlatforms) = postSolution
		{1897AFFE-97EC-4B8E-ADCC-6A19BA3F9EEF}.Debug|Any CPU.ActiveCfg = Debug|x64
		{1897AFFE-97EC-4B8E-ADCC-6A19BA3F9EEF}.Debug|Any CPU.Build.0 = Debug|x64
		{1897AFFE-97EC-4B8E-ADCC-6A19BA3F9EEF}.Debug|Win32.ActiveCfg = Debug|Win32
		{1897AFFE-97EC-4B8E-ADCC-6A19BA3F9EEF}.Debug|Win32.Build.0 = Debug|Win32
		{1897AFFE-97EC-4B8E-ADCC-6A19BA3F9EEF}.Debug|x64.ActiveCfg = Debug|x64
		{1897AFFE-97EC-4B8E-ADCC-6A19BA3F9EEF}.Debug|x64.Build.0 = Debug|x64
		{1897AFFE-97EC-4B8E-ADCC-6A19BA3F9EEF}.Release|Any CPU.ActiveCfg = Release|x64
		{1897AFFE-97EC-4B8E-ADCC-6A19BA3F9EEF}.Release|Any CPU.Build.0 = Release|x64
		{1897AFFE-97EC-4B8E-ADCC-6A19BA3F9EEF}.Release|Win32.ActiveCfg = Release|Win32
		{1897AFFE-97EC-4B8E-ADCC-6A19BA3F9EEF}.Release|Win32.Build.0 = Release|Win32
		{1897AFFE-97EC-4B8E-ADCC-6A19BA3F9EEF}.Release|x64.ActiveCfg = Release|x64
		{1897AFFE-97EC-4B8E-ADCC-6A19BA3F9EEF}.Release|x64.Build.0 = Release|x64
		{5E72E751-1FE9-451B-B548-B645829A0951}.Debug|Any CPU.ActiveCfg = Debug|Any CPU
		{5E72E751-1FE9-451B-B548-B645829A0951}.Debug|Any CPU.Build.0 = Debug|Any CPU
		{5E72E751-1FE9-451B-B548-B645829A0951}.Debug|Win32.ActiveCfg = Debug|Any CPU
		{5E72E751-1FE9-451B-B548-B645829A0951}.Debug|Win32.Build.0 = Debug|Any CPU
		{5E72E751-1FE9-451B-B548-B645829A0951}.Debug|x64.ActiveCfg = Debug|Any CPU
		{5E72E751-1FE9-451B-B548-B645829A0951}.Debug|x64.Build.0 = Debug|Any CPU
		{5E72E751-1FE9-451B-B548-B645829A0951}.Release|Any CPU.ActiveCfg = Release|Any CPU
		{5E72E751-1FE9-451B-B548-B645829A0951}.Release|Any CPU.Build.0 = Release|Any CPU
		{5E72E751-1FE9-451B-B548-B645829A0951}.Release|Win32.ActiveCfg = Release|Any CPU
		{5E72E751-1FE9-451B-B548-B645829A0951}.Release|Win32.Build.0 = Release|Any CPU
		{5E72E751-1FE9-451B-B548-B645829A0951}.Release|x64.ActiveCfg = Release|Any CPU
		{5E72E751-1FE9-451B-B548-B645829A0951}.Release|x64.Build.0 = Release|Any CPU
		{A5053AA7-02E5-4903-B596-04F17AEB1526}.Debug|Any CPU.ActiveCfg = Debug|x64
		{A5053AA7-02E5-4903-B596-04F17AEB1526}.Debug|Any CPU.Build.0 = Debug|x64
		{A5053AA7-02E5-4903-B596-04F17AEB1526}.Debug|Win32.ActiveCfg = Debug|Win32
		{A5053AA7-02E5-4903-B596-04F17AEB1526}.Debug|Win32.Build.0 = Debug|Win32
		{A5053AA7-02E5-4903-B596-04F17AEB1526}.Debug|x64.ActiveCfg = Debug|x64
		{A5053AA7-02E5-4903-B596-04F17AEB1526}.Debug|x64.Build.0 = Debug|x64
		{A5053AA7-02E5-4903-B596-04F17AEB1526}.Release|Any CPU.ActiveCfg = Release|x64
		{A5053AA7-02E5-4903-B596-04F17AEB1526}.Release|Any CPU.Build.0 = Release|x64
		{A5053AA7-02E5-4903-B596-04F17AEB1526}.Release|Win32.ActiveCfg = Release|Win32
		{A5053AA7-02E5-4903-B596-04F17AEB1526}.Release|Win32.Build.0 = Release|Win32
		{A5053AA7-02E5-4903-B596-04F17AEB1526}.Release|x64.ActiveCfg = Release|x64
		{A5053AA7-02E5-4903-B596-04F17AEB1526}.Release|x64.Build.0 = Release|x64
		{5F615F91-DFF8-4F05-BF48-6222B7D86519}.Debug|Any CPU.ActiveCfg = Debug|x64
		{5F615F91-DFF8-4F05-BF48-6222B7D86519}.Debug|Any CPU.Build.0 = Debug|x64
		{5F615F91-DFF8-4F05-BF48-6222B7D86519}.Debug|Win32.ActiveCfg = Debug|Win32
		{5F615F91-DFF8-4F05-BF48-6222B7D86519}.Debug|Win32.Build.0 = Debug|Win32
		{5F615F91-DFF8-4F05-BF48-6222B7D86519}.Debug|x64.ActiveCfg = Debug|x64
		{5F615F91-DFF8-4F05-BF48-6222B7D86519}.Debug|x64.Build.0 = Debug|x64
		{5F615F91-DFF8-4F05-BF48-6222B7D86519}.Release|Any CPU.ActiveCfg = Release|x64
		{5F615F91-DFF8-4F05-BF48-6222B7D86519}.Release|Any CPU.Build.0 = Release|x64
		{5F615F91-DFF8-4F05-BF48-6222B7D86519}.Release|Win32.ActiveCfg = Release|Win32
		{5F615F91-DFF8-4F05-BF48-6222B7D86519}.Release|Win32.Build.0 = Release|Win32
		{5F615F91-DFF8-4F05-BF48-6222B7D86519}.Release|x64.ActiveCfg = Release|x64
		{5F615F91-DFF8-4F05-BF48-6222B7D86519}.Release|x64.Build.0 = Release|x64
		{5EDCF4FD-0291-4FB9-8D96-D58957CA5E3C}.Debug|Any CPU.ActiveCfg = Debug|x64
		{5EDCF4FD-0291-4FB9-8D96-D58957CA5E3C}.Debug|Any CPU.Build.0 = Debug|x64
		{5EDCF4FD-0291-4FB9-8D96-D58957CA5E3C}.Debug|Win32.ActiveCfg = Debug|Win32
		{5EDCF4FD-0291-4FB9-8D96-D58957CA5E3C}.Debug|Win32.Build.0 = Debug|Win32
		{5EDCF4FD-0291-4FB9-8D96-D58957CA5E3C}.Debug|x64.ActiveCfg = Debug|x64
		{5EDCF4FD-0291-4FB9-8D96-D58957CA5E3C}.Debug|x64.Build.0 = Debug|x64
		{5EDCF4FD-0291-4FB9-8D96-D58957CA5E3C}.Release|Any CPU.ActiveCfg = Release|x64
		{5EDCF4FD-0291-4FB9-8D96-D58957CA5E3C}.Release|Any CPU.Build.0 = Release|x64
		{5EDCF4FD-0291-4FB9-8D96-D58957CA5E3C}.Release|Win32.ActiveCfg = Release|Win32
		{5EDCF4FD-0291-4FB9-8D96-D58957CA5E3C}.Release|Win32.Build.0 = Release|Win32
		{5EDCF4FD-0291-4FB9-8D96-D58957CA5E3C}.Release|x64.ActiveCfg = Release|x64
		{5EDCF4FD-0291-4FB9-8D96-D58957CA5E3C}.Release|x64.Build.0 = Release|x64
	EndGlobalSection
	GlobalSection(SolutionProperties) = preSolution
		HideSolutionNode = FALSE
	EndGlobalSection
	GlobalSection(ExtensibilityGlobals) = postSolution
		SolutionGuid = {0684158D-137C-4A0E-BD17-DF0C36EA4F0B}
	EndGlobalSection
EndGlobal
