
Microsoft Visual Studio Solution File, Format Version 12.00
# Visual Studio Version 17
VisualStudioVersion = 17.0.32112.339
MinimumVisualStudioVersion = 10.0.40219.1
Project("{8BC9CEB8-8B4A-11D0-8D11-00A0C91BC942}") = "libthirdparty", "pub\platform\win32\libthirdparty.vcxproj", "{5EDCF4FD-0291-4FB9-8D96-D58957CA5E3C}"
EndProject
Project("{8BC9CEB8-8B4A-11D0-8D11-00A0C91BC942}") = "libmupdf", "pub\platform\win32\libmupdf.vcxproj", "{5F615F91-DFF8-4F05-BF48-6222B7D86519}"
EndProject
Project("{8BC9CEB8-8B4A-11D0-8D11-00A0C91BC942}") = "libresources", "pub\platform\win32\libresources.vcxproj", "{52DCAB29-C8EE-4422-954C-29AFA6B33E22}"
EndProject
Project("{8BC9CEB8-8B4A-11D0-8D11-00A0C91BC942}") = "libpkcs7", "pub\platform\win32\libpkcs7.vcxproj", "{22462382-B30D-42A5-BF07-EE1A35E25D21}"
EndProject
Project("{8BC9CEB8-8B4A-11D0-8D11-00A0C91BC942}") = "bin2coff", "pub\platform\win32\bin2coff.vcxproj", "{BFE316B3-BD90-433A-A20D-C73975F1CAA7}"
EndProject
Project("{8BC9CEB8-8B4A-11D0-8D11-00A0C91BC942}") = "libextract", "pub\platform\win32\libextract.vcxproj", "{DA38CA0B-89B9-4703-A77D-8049AC3A0D04}"
EndProject
Project("{8BC9CEB8-8B4A-11D0-8D11-00A0C91BC942}") = "MuPDFLib", "MuPDFlib\MuPDFLib.vcxproj", "{1897AFFE-97EC-4B8E-ADCC-6A19BA3F9EEF}"
EndProject
Project("{9A19103F-16F7-4668-BE54-9A1E7A4F7556}") = "MuPDF", "MuPDF\MuPDF.csproj", "{FDFF1E27-8BFF-470D-9450-ABC6120E1E9A}"
EndProject
Project("{2150E333-8FDC-42A3-9474-1A3956D46DE8}") = "Solution Items", "Solution Items", "{E8E400E4-C1D4-4695-967A-4A8DE3B97C6D}"
	ProjectSection(SolutionItems) = preProject
		LICENSE = LICENSE
		README = README
	EndProjectSection
EndProject
Global
	GlobalSection(SolutionConfigurationPlatforms) = preSolution
		Debug|Any CPU = Debug|Any CPU
		Debug|Win32 = Debug|Win32
		Debug|x64 = Debug|x64
		DebugGSView|Any CPU = DebugGSView|Any CPU
		DebugGSView|Win32 = DebugGSView|Win32
		DebugGSView|x64 = DebugGSView|x64
		DebugJava|Any CPU = DebugJava|Any CPU
		DebugJava|Win32 = DebugJava|Win32
		DebugJava|x64 = DebugJava|x64
		DebugOpenSSL|Any CPU = DebugOpenSSL|Any CPU
		DebugOpenSSL|Win32 = DebugOpenSSL|Win32
		DebugOpenSSL|x64 = DebugOpenSSL|x64
		DebugPython|Any CPU = DebugPython|Any CPU
		DebugPython|Win32 = DebugPython|Win32
		DebugPython|x64 = DebugPython|x64
		DebugTesseract|Any CPU = DebugTesseract|Any CPU
		DebugTesseract|Win32 = DebugTesseract|Win32
		DebugTesseract|x64 = DebugTesseract|x64
		Memento|Any CPU = Memento|Any CPU
		Memento|Win32 = Memento|Win32
		Memento|x64 = Memento|x64
		MementoOpenSSL|Any CPU = MementoOpenSSL|Any CPU
		MementoOpenSSL|Win32 = MementoOpenSSL|Win32
		MementoOpenSSL|x64 = MementoOpenSSL|x64
		MementoTesseract|Any CPU = MementoTesseract|Any CPU
		MementoTesseract|Win32 = MementoTesseract|Win32
		MementoTesseract|x64 = MementoTesseract|x64
		Release|Any CPU = Release|Any CPU
		Release|Win32 = Release|Win32
		Release|x64 = Release|x64
		ReleaseGSView|Any CPU = ReleaseGSView|Any CPU
		ReleaseGSView|Win32 = ReleaseGSView|Win32
		ReleaseGSView|x64 = ReleaseGSView|x64
		ReleaseJava|Any CPU = ReleaseJava|Any CPU
		ReleaseJava|Win32 = ReleaseJava|Win32
		ReleaseJava|x64 = ReleaseJava|x64
		ReleaseOpenSSL|Any CPU = ReleaseOpenSSL|Any CPU
		ReleaseOpenSSL|Win32 = ReleaseOpenSSL|Win32
		ReleaseOpenSSL|x64 = ReleaseOpenSSL|x64
		ReleasePython|Any CPU = ReleasePython|Any CPU
		ReleasePython|Win32 = ReleasePython|Win32
		ReleasePython|x64 = ReleasePython|x64
		ReleaseTesseract|Any CPU = ReleaseTesseract|Any CPU
		ReleaseTesseract|Win32 = ReleaseTesseract|Win32
		ReleaseTesseract|x64 = ReleaseTesseract|x64
	EndGlobalSection
	GlobalSection(ProjectConfigurationPlatforms) = postSolution
		{5EDCF4FD-0291-4FB9-8D96-D58957CA5E3C}.Debug|Any CPU.ActiveCfg = Debug|x64
		{5EDCF4FD-0291-4FB9-8D96-D58957CA5E3C}.Debug|Any CPU.Build.0 = Debug|x64
		{5EDCF4FD-0291-4FB9-8D96-D58957CA5E3C}.Debug|Win32.ActiveCfg = Debug|Win32
		{5EDCF4FD-0291-4FB9-8D96-D58957CA5E3C}.Debug|Win32.Build.0 = Debug|Win32
		{5EDCF4FD-0291-4FB9-8D96-D58957CA5E3C}.Debug|x64.ActiveCfg = Debug|x64
		{5EDCF4FD-0291-4FB9-8D96-D58957CA5E3C}.Debug|x64.Build.0 = Debug|x64
		{5EDCF4FD-0291-4FB9-8D96-D58957CA5E3C}.DebugGSView|Any CPU.ActiveCfg = MementoDLL|Win32
		{5EDCF4FD-0291-4FB9-8D96-D58957CA5E3C}.DebugGSView|Any CPU.Build.0 = MementoDLL|Win32
		{5EDCF4FD-0291-4FB9-8D96-D58957CA5E3C}.DebugGSView|Win32.ActiveCfg = Debug|Win32
		{5EDCF4FD-0291-4FB9-8D96-D58957CA5E3C}.DebugGSView|Win32.Build.0 = Debug|Win32
		{5EDCF4FD-0291-4FB9-8D96-D58957CA5E3C}.DebugGSView|x64.ActiveCfg = Debug|x64
		{5EDCF4FD-0291-4FB9-8D96-D58957CA5E3C}.DebugGSView|x64.Build.0 = Debug|x64
		{5EDCF4FD-0291-4FB9-8D96-D58957CA5E3C}.DebugJava|Any CPU.ActiveCfg = MementoDLL|Win32
		{5EDCF4FD-0291-4FB9-8D96-D58957CA5E3C}.DebugJava|Any CPU.Build.0 = MementoDLL|Win32
		{5EDCF4FD-0291-4FB9-8D96-D58957CA5E3C}.DebugJava|Win32.ActiveCfg = DebugDLL|Win32
		{5EDCF4FD-0291-4FB9-8D96-D58957CA5E3C}.DebugJava|Win32.Build.0 = DebugDLL|Win32
		{5EDCF4FD-0291-4FB9-8D96-D58957CA5E3C}.DebugJava|x64.ActiveCfg = DebugDLL|x64
		{5EDCF4FD-0291-4FB9-8D96-D58957CA5E3C}.DebugJava|x64.Build.0 = DebugDLL|x64
		{5EDCF4FD-0291-4FB9-8D96-D58957CA5E3C}.DebugOpenSSL|Any CPU.ActiveCfg = MementoDLL|Win32
		{5EDCF4FD-0291-4FB9-8D96-D58957CA5E3C}.DebugOpenSSL|Any CPU.Build.0 = MementoDLL|Win32
		{5EDCF4FD-0291-4FB9-8D96-D58957CA5E3C}.DebugOpenSSL|Win32.ActiveCfg = Debug|Win32
		{5EDCF4FD-0291-4FB9-8D96-D58957CA5E3C}.DebugOpenSSL|Win32.Build.0 = Debug|Win32
		{5EDCF4FD-0291-4FB9-8D96-D58957CA5E3C}.DebugOpenSSL|x64.ActiveCfg = Debug|x64
		{5EDCF4FD-0291-4FB9-8D96-D58957CA5E3C}.DebugOpenSSL|x64.Build.0 = Debug|x64
		{5EDCF4FD-0291-4FB9-8D96-D58957CA5E3C}.DebugPython|Any CPU.ActiveCfg = MementoDLL|Win32
		{5EDCF4FD-0291-4FB9-8D96-D58957CA5E3C}.DebugPython|Any CPU.Build.0 = MementoDLL|Win32
		{5EDCF4FD-0291-4FB9-8D96-D58957CA5E3C}.DebugPython|Win32.ActiveCfg = DebugDLL|Win32
		{5EDCF4FD-0291-4FB9-8D96-D58957CA5E3C}.DebugPython|Win32.Build.0 = DebugDLL|Win32
		{5EDCF4FD-0291-4FB9-8D96-D58957CA5E3C}.DebugPython|x64.ActiveCfg = DebugDLL|x64
		{5EDCF4FD-0291-4FB9-8D96-D58957CA5E3C}.DebugPython|x64.Build.0 = DebugDLL|x64
		{5EDCF4FD-0291-4FB9-8D96-D58957CA5E3C}.DebugTesseract|Any CPU.ActiveCfg = MementoDLL|Win32
		{5EDCF4FD-0291-4FB9-8D96-D58957CA5E3C}.DebugTesseract|Any CPU.Build.0 = MementoDLL|Win32
		{5EDCF4FD-0291-4FB9-8D96-D58957CA5E3C}.DebugTesseract|Win32.ActiveCfg = Debug|Win32
		{5EDCF4FD-0291-4FB9-8D96-D58957CA5E3C}.DebugTesseract|Win32.Build.0 = Debug|Win32
		{5EDCF4FD-0291-4FB9-8D96-D58957CA5E3C}.DebugTesseract|x64.ActiveCfg = Debug|x64
		{5EDCF4FD-0291-4FB9-8D96-D58957CA5E3C}.DebugTesseract|x64.Build.0 = Debug|x64
		{5EDCF4FD-0291-4FB9-8D96-D58957CA5E3C}.Memento|Any CPU.ActiveCfg = Memento|x64
		{5EDCF4FD-0291-4FB9-8D96-D58957CA5E3C}.Memento|Any CPU.Build.0 = Memento|x64
		{5EDCF4FD-0291-4FB9-8D96-D58957CA5E3C}.Memento|Win32.ActiveCfg = Memento|Win32
		{5EDCF4FD-0291-4FB9-8D96-D58957CA5E3C}.Memento|Win32.Build.0 = Memento|Win32
		{5EDCF4FD-0291-4FB9-8D96-D58957CA5E3C}.Memento|x64.ActiveCfg = Memento|x64
		{5EDCF4FD-0291-4FB9-8D96-D58957CA5E3C}.Memento|x64.Build.0 = Memento|x64
		{5EDCF4FD-0291-4FB9-8D96-D58957CA5E3C}.MementoOpenSSL|Any CPU.ActiveCfg = MementoDLL|Win32
		{5EDCF4FD-0291-4FB9-8D96-D58957CA5E3C}.MementoOpenSSL|Any CPU.Build.0 = MementoDLL|Win32
		{5EDCF4FD-0291-4FB9-8D96-D58957CA5E3C}.MementoOpenSSL|Win32.ActiveCfg = Memento|Win32
		{5EDCF4FD-0291-4FB9-8D96-D58957CA5E3C}.MementoOpenSSL|Win32.Build.0 = Memento|Win32
		{5EDCF4FD-0291-4FB9-8D96-D58957CA5E3C}.MementoOpenSSL|x64.ActiveCfg = Memento|x64
		{5EDCF4FD-0291-4FB9-8D96-D58957CA5E3C}.MementoOpenSSL|x64.Build.0 = Memento|x64
		{5EDCF4FD-0291-4FB9-8D96-D58957CA5E3C}.MementoTesseract|Any CPU.ActiveCfg = MementoDLL|Win32
		{5EDCF4FD-0291-4FB9-8D96-D58957CA5E3C}.MementoTesseract|Any CPU.Build.0 = MementoDLL|Win32
		{5EDCF4FD-0291-4FB9-8D96-D58957CA5E3C}.MementoTesseract|Win32.ActiveCfg = Memento|Win32
		{5EDCF4FD-0291-4FB9-8D96-D58957CA5E3C}.MementoTesseract|Win32.Build.0 = Memento|Win32
		{5EDCF4FD-0291-4FB9-8D96-D58957CA5E3C}.MementoTesseract|x64.ActiveCfg = Memento|x64
		{5EDCF4FD-0291-4FB9-8D96-D58957CA5E3C}.MementoTesseract|x64.Build.0 = Memento|x64
		{5EDCF4FD-0291-4FB9-8D96-D58957CA5E3C}.Release|Any CPU.ActiveCfg = Release|x64
		{5EDCF4FD-0291-4FB9-8D96-D58957CA5E3C}.Release|Any CPU.Build.0 = Release|x64
		{5EDCF4FD-0291-4FB9-8D96-D58957CA5E3C}.Release|Win32.ActiveCfg = Release|Win32
		{5EDCF4FD-0291-4FB9-8D96-D58957CA5E3C}.Release|Win32.Build.0 = Release|Win32
		{5EDCF4FD-0291-4FB9-8D96-D58957CA5E3C}.Release|x64.ActiveCfg = Release|x64
		{5EDCF4FD-0291-4FB9-8D96-D58957CA5E3C}.Release|x64.Build.0 = Release|x64
		{5EDCF4FD-0291-4FB9-8D96-D58957CA5E3C}.ReleaseGSView|Any CPU.ActiveCfg = MementoDLL|Win32
		{5EDCF4FD-0291-4FB9-8D96-D58957CA5E3C}.ReleaseGSView|Any CPU.Build.0 = MementoDLL|Win32
		{5EDCF4FD-0291-4FB9-8D96-D58957CA5E3C}.ReleaseGSView|Win32.ActiveCfg = Release|Win32
		{5EDCF4FD-0291-4FB9-8D96-D58957CA5E3C}.ReleaseGSView|Win32.Build.0 = Release|Win32
		{5EDCF4FD-0291-4FB9-8D96-D58957CA5E3C}.ReleaseGSView|x64.ActiveCfg = Release|x64
		{5EDCF4FD-0291-4FB9-8D96-D58957CA5E3C}.ReleaseGSView|x64.Build.0 = Release|x64
		{5EDCF4FD-0291-4FB9-8D96-D58957CA5E3C}.ReleaseJava|Any CPU.ActiveCfg = MementoDLL|Win32
		{5EDCF4FD-0291-4FB9-8D96-D58957CA5E3C}.ReleaseJava|Any CPU.Build.0 = MementoDLL|Win32
		{5EDCF4FD-0291-4FB9-8D96-D58957CA5E3C}.ReleaseJava|Win32.ActiveCfg = ReleaseDLL|Win32
		{5EDCF4FD-0291-4FB9-8D96-D58957CA5E3C}.ReleaseJava|Win32.Build.0 = ReleaseDLL|Win32
		{5EDCF4FD-0291-4FB9-8D96-D58957CA5E3C}.ReleaseJava|x64.ActiveCfg = ReleaseDLL|x64
		{5EDCF4FD-0291-4FB9-8D96-D58957CA5E3C}.ReleaseJava|x64.Build.0 = ReleaseDLL|x64
		{5EDCF4FD-0291-4FB9-8D96-D58957CA5E3C}.ReleaseOpenSSL|Any CPU.ActiveCfg = MementoDLL|Win32
		{5EDCF4FD-0291-4FB9-8D96-D58957CA5E3C}.ReleaseOpenSSL|Any CPU.Build.0 = MementoDLL|Win32
		{5EDCF4FD-0291-4FB9-8D96-D58957CA5E3C}.ReleaseOpenSSL|Win32.ActiveCfg = Release|Win32
		{5EDCF4FD-0291-4FB9-8D96-D58957CA5E3C}.ReleaseOpenSSL|Win32.Build.0 = Release|Win32
		{5EDCF4FD-0291-4FB9-8D96-D58957CA5E3C}.ReleaseOpenSSL|x64.ActiveCfg = Release|x64
		{5EDCF4FD-0291-4FB9-8D96-D58957CA5E3C}.ReleaseOpenSSL|x64.Build.0 = Release|x64
		{5EDCF4FD-0291-4FB9-8D96-D58957CA5E3C}.ReleasePython|Any CPU.ActiveCfg = MementoDLL|Win32
		{5EDCF4FD-0291-4FB9-8D96-D58957CA5E3C}.ReleasePython|Any CPU.Build.0 = MementoDLL|Win32
		{5EDCF4FD-0291-4FB9-8D96-D58957CA5E3C}.ReleasePython|Win32.ActiveCfg = ReleaseDLL|Win32
		{5EDCF4FD-0291-4FB9-8D96-D58957CA5E3C}.ReleasePython|Win32.Build.0 = ReleaseDLL|Win32
		{5EDCF4FD-0291-4FB9-8D96-D58957CA5E3C}.ReleasePython|x64.ActiveCfg = ReleaseDLL|x64
		{5EDCF4FD-0291-4FB9-8D96-D58957CA5E3C}.ReleasePython|x64.Build.0 = ReleaseDLL|x64
		{5EDCF4FD-0291-4FB9-8D96-D58957CA5E3C}.ReleaseTesseract|Any CPU.ActiveCfg = MementoDLL|Win32
		{5EDCF4FD-0291-4FB9-8D96-D58957CA5E3C}.ReleaseTesseract|Any CPU.Build.0 = MementoDLL|Win32
		{5EDCF4FD-0291-4FB9-8D96-D58957CA5E3C}.ReleaseTesseract|Win32.ActiveCfg = Release|Win32
		{5EDCF4FD-0291-4FB9-8D96-D58957CA5E3C}.ReleaseTesseract|Win32.Build.0 = Release|Win32
		{5EDCF4FD-0291-4FB9-8D96-D58957CA5E3C}.ReleaseTesseract|x64.ActiveCfg = Release|x64
		{5EDCF4FD-0291-4FB9-8D96-D58957CA5E3C}.ReleaseTesseract|x64.Build.0 = Release|x64
		{5F615F91-DFF8-4F05-BF48-6222B7D86519}.Debug|Any CPU.ActiveCfg = Debug|x64
		{5F615F91-DFF8-4F05-BF48-6222B7D86519}.Debug|Any CPU.Build.0 = Debug|x64
		{5F615F91-DFF8-4F05-BF48-6222B7D86519}.Debug|Win32.ActiveCfg = Debug|Win32
		{5F615F91-DFF8-4F05-BF48-6222B7D86519}.Debug|Win32.Build.0 = Debug|Win32
		{5F615F91-DFF8-4F05-BF48-6222B7D86519}.Debug|x64.ActiveCfg = Debug|x64
		{5F615F91-DFF8-4F05-BF48-6222B7D86519}.Debug|x64.Build.0 = Debug|x64
		{5F615F91-DFF8-4F05-BF48-6222B7D86519}.DebugGSView|Any CPU.ActiveCfg = MementoDLL|Win32
		{5F615F91-DFF8-4F05-BF48-6222B7D86519}.DebugGSView|Any CPU.Build.0 = MementoDLL|Win32
		{5F615F91-DFF8-4F05-BF48-6222B7D86519}.DebugGSView|Win32.ActiveCfg = DebugOpenSSL|Win32
		{5F615F91-DFF8-4F05-BF48-6222B7D86519}.DebugGSView|Win32.Build.0 = DebugOpenSSL|Win32
		{5F615F91-DFF8-4F05-BF48-6222B7D86519}.DebugGSView|x64.ActiveCfg = DebugOpenSSL|x64
		{5F615F91-DFF8-4F05-BF48-6222B7D86519}.DebugGSView|x64.Build.0 = DebugOpenSSL|x64
		{5F615F91-DFF8-4F05-BF48-6222B7D86519}.DebugJava|Any CPU.ActiveCfg = MementoDLL|Win32
		{5F615F91-DFF8-4F05-BF48-6222B7D86519}.DebugJava|Any CPU.Build.0 = MementoDLL|Win32
		{5F615F91-DFF8-4F05-BF48-6222B7D86519}.DebugJava|Win32.ActiveCfg = DebugDLL|Win32
		{5F615F91-DFF8-4F05-BF48-6222B7D86519}.DebugJava|Win32.Build.0 = DebugDLL|Win32
		{5F615F91-DFF8-4F05-BF48-6222B7D86519}.DebugJava|x64.ActiveCfg = DebugDLL|x64
		{5F615F91-DFF8-4F05-BF48-6222B7D86519}.DebugJava|x64.Build.0 = DebugDLL|x64
		{5F615F91-DFF8-4F05-BF48-6222B7D86519}.DebugOpenSSL|Any CPU.ActiveCfg = DebugOpenSSL|x64
		{5F615F91-DFF8-4F05-BF48-6222B7D86519}.DebugOpenSSL|Any CPU.Build.0 = DebugOpenSSL|x64
		{5F615F91-DFF8-4F05-BF48-6222B7D86519}.DebugOpenSSL|Win32.ActiveCfg = DebugOpenSSL|Win32
		{5F615F91-DFF8-4F05-BF48-6222B7D86519}.DebugOpenSSL|Win32.Build.0 = DebugOpenSSL|Win32
		{5F615F91-DFF8-4F05-BF48-6222B7D86519}.DebugOpenSSL|x64.ActiveCfg = DebugOpenSSL|x64
		{5F615F91-DFF8-4F05-BF48-6222B7D86519}.DebugOpenSSL|x64.Build.0 = DebugOpenSSL|x64
		{5F615F91-DFF8-4F05-BF48-6222B7D86519}.DebugPython|Any CPU.ActiveCfg = MementoDLL|Win32
		{5F615F91-DFF8-4F05-BF48-6222B7D86519}.DebugPython|Any CPU.Build.0 = MementoDLL|Win32
		{5F615F91-DFF8-4F05-BF48-6222B7D86519}.DebugPython|Win32.ActiveCfg = DebugDLL|Win32
		{5F615F91-DFF8-4F05-BF48-6222B7D86519}.DebugPython|Win32.Build.0 = DebugDLL|Win32
		{5F615F91-DFF8-4F05-BF48-6222B7D86519}.DebugPython|x64.ActiveCfg = DebugDLL|x64
		{5F615F91-DFF8-4F05-BF48-6222B7D86519}.DebugPython|x64.Build.0 = DebugDLL|x64
		{5F615F91-DFF8-4F05-BF48-6222B7D86519}.DebugTesseract|Any CPU.ActiveCfg = DebugTesseract|x64
		{5F615F91-DFF8-4F05-BF48-6222B7D86519}.DebugTesseract|Any CPU.Build.0 = DebugTesseract|x64
		{5F615F91-DFF8-4F05-BF48-6222B7D86519}.DebugTesseract|Win32.ActiveCfg = DebugTesseract|Win32
		{5F615F91-DFF8-4F05-BF48-6222B7D86519}.DebugTesseract|Win32.Build.0 = DebugTesseract|Win32
		{5F615F91-DFF8-4F05-BF48-6222B7D86519}.DebugTesseract|x64.ActiveCfg = DebugTesseract|x64
		{5F615F91-DFF8-4F05-BF48-6222B7D86519}.DebugTesseract|x64.Build.0 = DebugTesseract|x64
		{5F615F91-DFF8-4F05-BF48-6222B7D86519}.Memento|Any CPU.ActiveCfg = Memento|x64
		{5F615F91-DFF8-4F05-BF48-6222B7D86519}.Memento|Any CPU.Build.0 = Memento|x64
		{5F615F91-DFF8-4F05-BF48-6222B7D86519}.Memento|Win32.ActiveCfg = Memento|Win32
		{5F615F91-DFF8-4F05-BF48-6222B7D86519}.Memento|Win32.Build.0 = Memento|Win32
		{5F615F91-DFF8-4F05-BF48-6222B7D86519}.Memento|x64.ActiveCfg = Memento|x64
		{5F615F91-DFF8-4F05-BF48-6222B7D86519}.Memento|x64.Build.0 = Memento|x64
		{5F615F91-DFF8-4F05-BF48-6222B7D86519}.MementoOpenSSL|Any CPU.ActiveCfg = MementoOpenSSL|x64
		{5F615F91-DFF8-4F05-BF48-6222B7D86519}.MementoOpenSSL|Any CPU.Build.0 = MementoOpenSSL|x64
		{5F615F91-DFF8-4F05-BF48-6222B7D86519}.MementoOpenSSL|Win32.ActiveCfg = MementoOpenSSL|Win32
		{5F615F91-DFF8-4F05-BF48-6222B7D86519}.MementoOpenSSL|Win32.Build.0 = MementoOpenSSL|Win32
		{5F615F91-DFF8-4F05-BF48-6222B7D86519}.MementoOpenSSL|x64.ActiveCfg = MementoOpenSSL|x64
		{5F615F91-DFF8-4F05-BF48-6222B7D86519}.MementoOpenSSL|x64.Build.0 = MementoOpenSSL|x64
		{5F615F91-DFF8-4F05-BF48-6222B7D86519}.MementoTesseract|Any CPU.ActiveCfg = MementoTesseract|x64
		{5F615F91-DFF8-4F05-BF48-6222B7D86519}.MementoTesseract|Any CPU.Build.0 = MementoTesseract|x64
		{5F615F91-DFF8-4F05-BF48-6222B7D86519}.MementoTesseract|Win32.ActiveCfg = MementoTesseract|Win32
		{5F615F91-DFF8-4F05-BF48-6222B7D86519}.MementoTesseract|Win32.Build.0 = MementoTesseract|Win32
		{5F615F91-DFF8-4F05-BF48-6222B7D86519}.MementoTesseract|x64.ActiveCfg = MementoTesseract|x64
		{5F615F91-DFF8-4F05-BF48-6222B7D86519}.MementoTesseract|x64.Build.0 = MementoTesseract|x64
		{5F615F91-DFF8-4F05-BF48-6222B7D86519}.Release|Any CPU.ActiveCfg = Release|x64
		{5F615F91-DFF8-4F05-BF48-6222B7D86519}.Release|Any CPU.Build.0 = Release|x64
		{5F615F91-DFF8-4F05-BF48-6222B7D86519}.Release|Win32.ActiveCfg = Release|Win32
		{5F615F91-DFF8-4F05-BF48-6222B7D86519}.Release|Win32.Build.0 = Release|Win32
		{5F615F91-DFF8-4F05-BF48-6222B7D86519}.Release|x64.ActiveCfg = Release|x64
		{5F615F91-DFF8-4F05-BF48-6222B7D86519}.Release|x64.Build.0 = Release|x64
		{5F615F91-DFF8-4F05-BF48-6222B7D86519}.ReleaseGSView|Any CPU.ActiveCfg = MementoDLL|Win32
		{5F615F91-DFF8-4F05-BF48-6222B7D86519}.ReleaseGSView|Any CPU.Build.0 = MementoDLL|Win32
		{5F615F91-DFF8-4F05-BF48-6222B7D86519}.ReleaseGSView|Win32.ActiveCfg = ReleaseOpenSSL|Win32
		{5F615F91-DFF8-4F05-BF48-6222B7D86519}.ReleaseGSView|Win32.Build.0 = ReleaseOpenSSL|Win32
		{5F615F91-DFF8-4F05-BF48-6222B7D86519}.ReleaseGSView|x64.ActiveCfg = ReleaseOpenSSL|x64
		{5F615F91-DFF8-4F05-BF48-6222B7D86519}.ReleaseGSView|x64.Build.0 = ReleaseOpenSSL|x64
		{5F615F91-DFF8-4F05-BF48-6222B7D86519}.ReleaseJava|Any CPU.ActiveCfg = MementoDLL|Win32
		{5F615F91-DFF8-4F05-BF48-6222B7D86519}.ReleaseJava|Any CPU.Build.0 = MementoDLL|Win32
		{5F615F91-DFF8-4F05-BF48-6222B7D86519}.ReleaseJava|Win32.ActiveCfg = ReleaseDLL|Win32
		{5F615F91-DFF8-4F05-BF48-6222B7D86519}.ReleaseJava|Win32.Build.0 = ReleaseDLL|Win32
		{5F615F91-DFF8-4F05-BF48-6222B7D86519}.ReleaseJava|x64.ActiveCfg = ReleaseDLL|x64
		{5F615F91-DFF8-4F05-BF48-6222B7D86519}.ReleaseJava|x64.Build.0 = ReleaseDLL|x64
		{5F615F91-DFF8-4F05-BF48-6222B7D86519}.ReleaseOpenSSL|Any CPU.ActiveCfg = ReleaseOpenSSL|x64
		{5F615F91-DFF8-4F05-BF48-6222B7D86519}.ReleaseOpenSSL|Any CPU.Build.0 = ReleaseOpenSSL|x64
		{5F615F91-DFF8-4F05-BF48-6222B7D86519}.ReleaseOpenSSL|Win32.ActiveCfg = ReleaseOpenSSL|Win32
		{5F615F91-DFF8-4F05-BF48-6222B7D86519}.ReleaseOpenSSL|Win32.Build.0 = ReleaseOpenSSL|Win32
		{5F615F91-DFF8-4F05-BF48-6222B7D86519}.ReleaseOpenSSL|x64.ActiveCfg = ReleaseOpenSSL|x64
		{5F615F91-DFF8-4F05-BF48-6222B7D86519}.ReleaseOpenSSL|x64.Build.0 = ReleaseOpenSSL|x64
		{5F615F91-DFF8-4F05-BF48-6222B7D86519}.ReleasePython|Any CPU.ActiveCfg = MementoDLL|Win32
		{5F615F91-DFF8-4F05-BF48-6222B7D86519}.ReleasePython|Any CPU.Build.0 = MementoDLL|Win32
		{5F615F91-DFF8-4F05-BF48-6222B7D86519}.ReleasePython|Win32.ActiveCfg = ReleaseDLL|Win32
		{5F615F91-DFF8-4F05-BF48-6222B7D86519}.ReleasePython|Win32.Build.0 = ReleaseDLL|Win32
		{5F615F91-DFF8-4F05-BF48-6222B7D86519}.ReleasePython|x64.ActiveCfg = ReleaseDLL|x64
		{5F615F91-DFF8-4F05-BF48-6222B7D86519}.ReleasePython|x64.Build.0 = ReleaseDLL|x64
		{5F615F91-DFF8-4F05-BF48-6222B7D86519}.ReleaseTesseract|Any CPU.ActiveCfg = ReleaseTesseract|x64
		{5F615F91-DFF8-4F05-BF48-6222B7D86519}.ReleaseTesseract|Any CPU.Build.0 = ReleaseTesseract|x64
		{5F615F91-DFF8-4F05-BF48-6222B7D86519}.ReleaseTesseract|Win32.ActiveCfg = ReleaseTesseract|Win32
		{5F615F91-DFF8-4F05-BF48-6222B7D86519}.ReleaseTesseract|Win32.Build.0 = ReleaseTesseract|Win32
		{5F615F91-DFF8-4F05-BF48-6222B7D86519}.ReleaseTesseract|x64.ActiveCfg = ReleaseTesseract|x64
		{5F615F91-DFF8-4F05-BF48-6222B7D86519}.ReleaseTesseract|x64.Build.0 = ReleaseTesseract|x64
		{52DCAB29-C8EE-4422-954C-29AFA6B33E22}.Debug|Any CPU.ActiveCfg = Release|x64
		{52DCAB29-C8EE-4422-954C-29AFA6B33E22}.Debug|Any CPU.Build.0 = Release|x64
		{52DCAB29-C8EE-4422-954C-29AFA6B33E22}.Debug|Win32.ActiveCfg = Release|Win32
		{52DCAB29-C8EE-4422-954C-29AFA6B33E22}.Debug|Win32.Build.0 = Release|Win32
		{52DCAB29-C8EE-4422-954C-29AFA6B33E22}.Debug|x64.ActiveCfg = Release|x64
		{52DCAB29-C8EE-4422-954C-29AFA6B33E22}.Debug|x64.Build.0 = Release|x64
		{52DCAB29-C8EE-4422-954C-29AFA6B33E22}.DebugGSView|Any CPU.ActiveCfg = Release|x64
		{52DCAB29-C8EE-4422-954C-29AFA6B33E22}.DebugGSView|Any CPU.Build.0 = Release|x64
		{52DCAB29-C8EE-4422-954C-29AFA6B33E22}.DebugGSView|Win32.ActiveCfg = Release|Win32
		{52DCAB29-C8EE-4422-954C-29AFA6B33E22}.DebugGSView|Win32.Build.0 = Release|Win32
		{52DCAB29-C8EE-4422-954C-29AFA6B33E22}.DebugGSView|x64.ActiveCfg = Release|x64
		{52DCAB29-C8EE-4422-954C-29AFA6B33E22}.DebugGSView|x64.Build.0 = Release|x64
		{52DCAB29-C8EE-4422-954C-29AFA6B33E22}.DebugJava|Any CPU.ActiveCfg = Release|x64
		{52DCAB29-C8EE-4422-954C-29AFA6B33E22}.DebugJava|Any CPU.Build.0 = Release|x64
		{52DCAB29-C8EE-4422-954C-29AFA6B33E22}.DebugJava|Win32.ActiveCfg = Release|Win32
		{52DCAB29-C8EE-4422-954C-29AFA6B33E22}.DebugJava|Win32.Build.0 = Release|Win32
		{52DCAB29-C8EE-4422-954C-29AFA6B33E22}.DebugJava|x64.ActiveCfg = Release|x64
		{52DCAB29-C8EE-4422-954C-29AFA6B33E22}.DebugJava|x64.Build.0 = Release|x64
		{52DCAB29-C8EE-4422-954C-29AFA6B33E22}.DebugOpenSSL|Any CPU.ActiveCfg = Release|x64
		{52DCAB29-C8EE-4422-954C-29AFA6B33E22}.DebugOpenSSL|Any CPU.Build.0 = Release|x64
		{52DCAB29-C8EE-4422-954C-29AFA6B33E22}.DebugOpenSSL|Win32.ActiveCfg = Release|Win32
		{52DCAB29-C8EE-4422-954C-29AFA6B33E22}.DebugOpenSSL|Win32.Build.0 = Release|Win32
		{52DCAB29-C8EE-4422-954C-29AFA6B33E22}.DebugOpenSSL|x64.ActiveCfg = Release|x64
		{52DCAB29-C8EE-4422-954C-29AFA6B33E22}.DebugOpenSSL|x64.Build.0 = Release|x64
		{52DCAB29-C8EE-4422-954C-29AFA6B33E22}.DebugPython|Any CPU.ActiveCfg = Release|x64
		{52DCAB29-C8EE-4422-954C-29AFA6B33E22}.DebugPython|Any CPU.Build.0 = Release|x64
		{52DCAB29-C8EE-4422-954C-29AFA6B33E22}.DebugPython|Win32.ActiveCfg = Release|Win32
		{52DCAB29-C8EE-4422-954C-29AFA6B33E22}.DebugPython|Win32.Build.0 = Release|Win32
		{52DCAB29-C8EE-4422-954C-29AFA6B33E22}.DebugPython|x64.ActiveCfg = Release|x64
		{52DCAB29-C8EE-4422-954C-29AFA6B33E22}.DebugPython|x64.Build.0 = Release|x64
		{52DCAB29-C8EE-4422-954C-29AFA6B33E22}.DebugTesseract|Any CPU.ActiveCfg = Release|x64
		{52DCAB29-C8EE-4422-954C-29AFA6B33E22}.DebugTesseract|Any CPU.Build.0 = Release|x64
		{52DCAB29-C8EE-4422-954C-29AFA6B33E22}.DebugTesseract|Win32.ActiveCfg = Release|Win32
		{52DCAB29-C8EE-4422-954C-29AFA6B33E22}.DebugTesseract|Win32.Build.0 = Release|Win32
		{52DCAB29-C8EE-4422-954C-29AFA6B33E22}.DebugTesseract|x64.ActiveCfg = Release|x64
		{52DCAB29-C8EE-4422-954C-29AFA6B33E22}.DebugTesseract|x64.Build.0 = Release|x64
		{52DCAB29-C8EE-4422-954C-29AFA6B33E22}.Memento|Any CPU.ActiveCfg = Release|x64
		{52DCAB29-C8EE-4422-954C-29AFA6B33E22}.Memento|Any CPU.Build.0 = Release|x64
		{52DCAB29-C8EE-4422-954C-29AFA6B33E22}.Memento|Win32.ActiveCfg = Release|Win32
		{52DCAB29-C8EE-4422-954C-29AFA6B33E22}.Memento|Win32.Build.0 = Release|Win32
		{52DCAB29-C8EE-4422-954C-29AFA6B33E22}.Memento|x64.ActiveCfg = Release|x64
		{52DCAB29-C8EE-4422-954C-29AFA6B33E22}.Memento|x64.Build.0 = Release|x64
		{52DCAB29-C8EE-4422-954C-29AFA6B33E22}.MementoOpenSSL|Any CPU.ActiveCfg = Release|x64
		{52DCAB29-C8EE-4422-954C-29AFA6B33E22}.MementoOpenSSL|Any CPU.Build.0 = Release|x64
		{52DCAB29-C8EE-4422-954C-29AFA6B33E22}.MementoOpenSSL|Win32.ActiveCfg = Release|Win32
		{52DCAB29-C8EE-4422-954C-29AFA6B33E22}.MementoOpenSSL|Win32.Build.0 = Release|Win32
		{52DCAB29-C8EE-4422-954C-29AFA6B33E22}.MementoOpenSSL|x64.ActiveCfg = Release|x64
		{52DCAB29-C8EE-4422-954C-29AFA6B33E22}.MementoOpenSSL|x64.Build.0 = Release|x64
		{52DCAB29-C8EE-4422-954C-29AFA6B33E22}.MementoTesseract|Any CPU.ActiveCfg = Release|x64
		{52DCAB29-C8EE-4422-954C-29AFA6B33E22}.MementoTesseract|Any CPU.Build.0 = Release|x64
		{52DCAB29-C8EE-4422-954C-29AFA6B33E22}.MementoTesseract|Win32.ActiveCfg = Release|Win32
		{52DCAB29-C8EE-4422-954C-29AFA6B33E22}.MementoTesseract|Win32.Build.0 = Release|Win32
		{52DCAB29-C8EE-4422-954C-29AFA6B33E22}.MementoTesseract|x64.ActiveCfg = Release|x64
		{52DCAB29-C8EE-4422-954C-29AFA6B33E22}.MementoTesseract|x64.Build.0 = Release|x64
		{52DCAB29-C8EE-4422-954C-29AFA6B33E22}.Release|Any CPU.ActiveCfg = Release|x64
		{52DCAB29-C8EE-4422-954C-29AFA6B33E22}.Release|Any CPU.Build.0 = Release|x64
		{52DCAB29-C8EE-4422-954C-29AFA6B33E22}.Release|Win32.ActiveCfg = Release|Win32
		{52DCAB29-C8EE-4422-954C-29AFA6B33E22}.Release|Win32.Build.0 = Release|Win32
		{52DCAB29-C8EE-4422-954C-29AFA6B33E22}.Release|x64.ActiveCfg = Release|x64
		{52DCAB29-C8EE-4422-954C-29AFA6B33E22}.Release|x64.Build.0 = Release|x64
		{52DCAB29-C8EE-4422-954C-29AFA6B33E22}.ReleaseGSView|Any CPU.ActiveCfg = Release|x64
		{52DCAB29-C8EE-4422-954C-29AFA6B33E22}.ReleaseGSView|Any CPU.Build.0 = Release|x64
		{52DCAB29-C8EE-4422-954C-29AFA6B33E22}.ReleaseGSView|Win32.ActiveCfg = Release|Win32
		{52DCAB29-C8EE-4422-954C-29AFA6B33E22}.ReleaseGSView|Win32.Build.0 = Release|Win32
		{52DCAB29-C8EE-4422-954C-29AFA6B33E22}.ReleaseGSView|x64.ActiveCfg = Release|x64
		{52DCAB29-C8EE-4422-954C-29AFA6B33E22}.ReleaseGSView|x64.Build.0 = Release|x64
		{52DCAB29-C8EE-4422-954C-29AFA6B33E22}.ReleaseJava|Any CPU.ActiveCfg = Release|x64
		{52DCAB29-C8EE-4422-954C-29AFA6B33E22}.ReleaseJava|Any CPU.Build.0 = Release|x64
		{52DCAB29-C8EE-4422-954C-29AFA6B33E22}.ReleaseJava|Win32.ActiveCfg = Release|Win32
		{52DCAB29-C8EE-4422-954C-29AFA6B33E22}.ReleaseJava|Win32.Build.0 = Release|Win32
		{52DCAB29-C8EE-4422-954C-29AFA6B33E22}.ReleaseJava|x64.ActiveCfg = Release|x64
		{52DCAB29-C8EE-4422-954C-29AFA6B33E22}.ReleaseJava|x64.Build.0 = Release|x64
		{52DCAB29-C8EE-4422-954C-29AFA6B33E22}.ReleaseOpenSSL|Any CPU.ActiveCfg = Release|x64
		{52DCAB29-C8EE-4422-954C-29AFA6B33E22}.ReleaseOpenSSL|Any CPU.Build.0 = Release|x64
		{52DCAB29-C8EE-4422-954C-29AFA6B33E22}.ReleaseOpenSSL|Win32.ActiveCfg = Release|Win32
		{52DCAB29-C8EE-4422-954C-29AFA6B33E22}.ReleaseOpenSSL|Win32.Build.0 = Release|Win32
		{52DCAB29-C8EE-4422-954C-29AFA6B33E22}.ReleaseOpenSSL|x64.ActiveCfg = Release|x64
		{52DCAB29-C8EE-4422-954C-29AFA6B33E22}.ReleaseOpenSSL|x64.Build.0 = Release|x64
		{52DCAB29-C8EE-4422-954C-29AFA6B33E22}.ReleasePython|Any CPU.ActiveCfg = Release|x64
		{52DCAB29-C8EE-4422-954C-29AFA6B33E22}.ReleasePython|Any CPU.Build.0 = Release|x64
		{52DCAB29-C8EE-4422-954C-29AFA6B33E22}.ReleasePython|Win32.ActiveCfg = Release|Win32
		{52DCAB29-C8EE-4422-954C-29AFA6B33E22}.ReleasePython|Win32.Build.0 = Release|Win32
		{52DCAB29-C8EE-4422-954C-29AFA6B33E22}.ReleasePython|x64.ActiveCfg = Release|x64
		{52DCAB29-C8EE-4422-954C-29AFA6B33E22}.ReleasePython|x64.Build.0 = Release|x64
		{52DCAB29-C8EE-4422-954C-29AFA6B33E22}.ReleaseTesseract|Any CPU.ActiveCfg = Release|x64
		{52DCAB29-C8EE-4422-954C-29AFA6B33E22}.ReleaseTesseract|Any CPU.Build.0 = Release|x64
		{52DCAB29-C8EE-4422-954C-29AFA6B33E22}.ReleaseTesseract|Win32.ActiveCfg = Release|Win32
		{52DCAB29-C8EE-4422-954C-29AFA6B33E22}.ReleaseTesseract|Win32.Build.0 = Release|Win32
		{52DCAB29-C8EE-4422-954C-29AFA6B33E22}.ReleaseTesseract|x64.ActiveCfg = Release|x64
		{52DCAB29-C8EE-4422-954C-29AFA6B33E22}.ReleaseTesseract|x64.Build.0 = Release|x64
		{22462382-B30D-42A5-BF07-EE1A35E25D21}.Debug|Any CPU.ActiveCfg = Debug|x64
		{22462382-B30D-42A5-BF07-EE1A35E25D21}.Debug|Any CPU.Build.0 = Debug|x64
		{22462382-B30D-42A5-BF07-EE1A35E25D21}.Debug|Win32.ActiveCfg = Debug|Win32
		{22462382-B30D-42A5-BF07-EE1A35E25D21}.Debug|Win32.Build.0 = Debug|Win32
		{22462382-B30D-42A5-BF07-EE1A35E25D21}.Debug|x64.ActiveCfg = Debug|x64
		{22462382-B30D-42A5-BF07-EE1A35E25D21}.Debug|x64.Build.0 = Debug|x64
		{22462382-B30D-42A5-BF07-EE1A35E25D21}.DebugGSView|Any CPU.ActiveCfg = MementoDLL|Win32
		{22462382-B30D-42A5-BF07-EE1A35E25D21}.DebugGSView|Any CPU.Build.0 = MementoDLL|Win32
		{22462382-B30D-42A5-BF07-EE1A35E25D21}.DebugGSView|Win32.ActiveCfg = Debug|Win32
		{22462382-B30D-42A5-BF07-EE1A35E25D21}.DebugGSView|Win32.Build.0 = Debug|Win32
		{22462382-B30D-42A5-BF07-EE1A35E25D21}.DebugGSView|x64.ActiveCfg = Debug|x64
		{22462382-B30D-42A5-BF07-EE1A35E25D21}.DebugGSView|x64.Build.0 = Debug|x64
		{22462382-B30D-42A5-BF07-EE1A35E25D21}.DebugJava|Any CPU.ActiveCfg = MementoDLL|Win32
		{22462382-B30D-42A5-BF07-EE1A35E25D21}.DebugJava|Any CPU.Build.0 = MementoDLL|Win32
		{22462382-B30D-42A5-BF07-EE1A35E25D21}.DebugJava|Win32.ActiveCfg = Debug|Win32
		{22462382-B30D-42A5-BF07-EE1A35E25D21}.DebugJava|Win32.Build.0 = Debug|Win32
		{22462382-B30D-42A5-BF07-EE1A35E25D21}.DebugJava|x64.ActiveCfg = Debug|x64
		{22462382-B30D-42A5-BF07-EE1A35E25D21}.DebugJava|x64.Build.0 = Debug|x64
		{22462382-B30D-42A5-BF07-EE1A35E25D21}.DebugOpenSSL|Any CPU.ActiveCfg = DebugOpenSSL|x64
		{22462382-B30D-42A5-BF07-EE1A35E25D21}.DebugOpenSSL|Any CPU.Build.0 = DebugOpenSSL|x64
		{22462382-B30D-42A5-BF07-EE1A35E25D21}.DebugOpenSSL|Win32.ActiveCfg = DebugOpenSSL|Win32
		{22462382-B30D-42A5-BF07-EE1A35E25D21}.DebugOpenSSL|Win32.Build.0 = DebugOpenSSL|Win32
		{22462382-B30D-42A5-BF07-EE1A35E25D21}.DebugOpenSSL|x64.ActiveCfg = DebugOpenSSL|x64
		{22462382-B30D-42A5-BF07-EE1A35E25D21}.DebugOpenSSL|x64.Build.0 = DebugOpenSSL|x64
		{22462382-B30D-42A5-BF07-EE1A35E25D21}.DebugPython|Any CPU.ActiveCfg = MementoDLL|Win32
		{22462382-B30D-42A5-BF07-EE1A35E25D21}.DebugPython|Any CPU.Build.0 = MementoDLL|Win32
		{22462382-B30D-42A5-BF07-EE1A35E25D21}.DebugPython|Win32.ActiveCfg = DebugDLL|Win32
		{22462382-B30D-42A5-BF07-EE1A35E25D21}.DebugPython|Win32.Build.0 = DebugDLL|Win32
		{22462382-B30D-42A5-BF07-EE1A35E25D21}.DebugPython|x64.ActiveCfg = DebugDLL|x64
		{22462382-B30D-42A5-BF07-EE1A35E25D21}.DebugPython|x64.Build.0 = DebugDLL|x64
		{22462382-B30D-42A5-BF07-EE1A35E25D21}.DebugTesseract|Any CPU.ActiveCfg = MementoDLL|Win32
		{22462382-B30D-42A5-BF07-EE1A35E25D21}.DebugTesseract|Any CPU.Build.0 = MementoDLL|Win32
		{22462382-B30D-42A5-BF07-EE1A35E25D21}.DebugTesseract|Win32.ActiveCfg = Debug|Win32
		{22462382-B30D-42A5-BF07-EE1A35E25D21}.DebugTesseract|Win32.Build.0 = Debug|Win32
		{22462382-B30D-42A5-BF07-EE1A35E25D21}.DebugTesseract|x64.ActiveCfg = Debug|x64
		{22462382-B30D-42A5-BF07-EE1A35E25D21}.DebugTesseract|x64.Build.0 = Debug|x64
		{22462382-B30D-42A5-BF07-EE1A35E25D21}.Memento|Any CPU.ActiveCfg = Memento|x64
		{22462382-B30D-42A5-BF07-EE1A35E25D21}.Memento|Any CPU.Build.0 = Memento|x64
		{22462382-B30D-42A5-BF07-EE1A35E25D21}.Memento|Win32.ActiveCfg = Memento|Win32
		{22462382-B30D-42A5-BF07-EE1A35E25D21}.Memento|Win32.Build.0 = Memento|Win32
		{22462382-B30D-42A5-BF07-EE1A35E25D21}.Memento|x64.ActiveCfg = Memento|x64
		{22462382-B30D-42A5-BF07-EE1A35E25D21}.Memento|x64.Build.0 = Memento|x64
		{22462382-B30D-42A5-BF07-EE1A35E25D21}.MementoOpenSSL|Any CPU.ActiveCfg = MementoOpenSSL|x64
		{22462382-B30D-42A5-BF07-EE1A35E25D21}.MementoOpenSSL|Any CPU.Build.0 = MementoOpenSSL|x64
		{22462382-B30D-42A5-BF07-EE1A35E25D21}.MementoOpenSSL|Win32.ActiveCfg = MementoOpenSSL|Win32
		{22462382-B30D-42A5-BF07-EE1A35E25D21}.MementoOpenSSL|Win32.Build.0 = MementoOpenSSL|Win32
		{22462382-B30D-42A5-BF07-EE1A35E25D21}.MementoOpenSSL|x64.ActiveCfg = MementoOpenSSL|x64
		{22462382-B30D-42A5-BF07-EE1A35E25D21}.MementoOpenSSL|x64.Build.0 = MementoOpenSSL|x64
		{22462382-B30D-42A5-BF07-EE1A35E25D21}.MementoTesseract|Any CPU.ActiveCfg = MementoDLL|Win32
		{22462382-B30D-42A5-BF07-EE1A35E25D21}.MementoTesseract|Any CPU.Build.0 = MementoDLL|Win32
		{22462382-B30D-42A5-BF07-EE1A35E25D21}.MementoTesseract|Win32.ActiveCfg = Memento|Win32
		{22462382-B30D-42A5-BF07-EE1A35E25D21}.MementoTesseract|Win32.Build.0 = Memento|Win32
		{22462382-B30D-42A5-BF07-EE1A35E25D21}.MementoTesseract|x64.ActiveCfg = Memento|x64
		{22462382-B30D-42A5-BF07-EE1A35E25D21}.MementoTesseract|x64.Build.0 = Memento|x64
		{22462382-B30D-42A5-BF07-EE1A35E25D21}.Release|Any CPU.ActiveCfg = Release|x64
		{22462382-B30D-42A5-BF07-EE1A35E25D21}.Release|Any CPU.Build.0 = Release|x64
		{22462382-B30D-42A5-BF07-EE1A35E25D21}.Release|Win32.ActiveCfg = Release|Win32
		{22462382-B30D-42A5-BF07-EE1A35E25D21}.Release|Win32.Build.0 = Release|Win32
		{22462382-B30D-42A5-BF07-EE1A35E25D21}.Release|x64.ActiveCfg = Release|x64
		{22462382-B30D-42A5-BF07-EE1A35E25D21}.Release|x64.Build.0 = Release|x64
		{22462382-B30D-42A5-BF07-EE1A35E25D21}.ReleaseGSView|Any CPU.ActiveCfg = MementoDLL|Win32
		{22462382-B30D-42A5-BF07-EE1A35E25D21}.ReleaseGSView|Any CPU.Build.0 = MementoDLL|Win32
		{22462382-B30D-42A5-BF07-EE1A35E25D21}.ReleaseGSView|Win32.ActiveCfg = Release|Win32
		{22462382-B30D-42A5-BF07-EE1A35E25D21}.ReleaseGSView|Win32.Build.0 = Release|Win32
		{22462382-B30D-42A5-BF07-EE1A35E25D21}.ReleaseGSView|x64.ActiveCfg = Release|x64
		{22462382-B30D-42A5-BF07-EE1A35E25D21}.ReleaseGSView|x64.Build.0 = Release|x64
		{22462382-B30D-42A5-BF07-EE1A35E25D21}.ReleaseJava|Any CPU.ActiveCfg = MementoDLL|Win32
		{22462382-B30D-42A5-BF07-EE1A35E25D21}.ReleaseJava|Any CPU.Build.0 = MementoDLL|Win32
		{22462382-B30D-42A5-BF07-EE1A35E25D21}.ReleaseJava|Win32.ActiveCfg = Release|Win32
		{22462382-B30D-42A5-BF07-EE1A35E25D21}.ReleaseJava|Win32.Build.0 = Release|Win32
		{22462382-B30D-42A5-BF07-EE1A35E25D21}.ReleaseJava|x64.ActiveCfg = Release|x64
		{22462382-B30D-42A5-BF07-EE1A35E25D21}.ReleaseJava|x64.Build.0 = Release|x64
		{22462382-B30D-42A5-BF07-EE1A35E25D21}.ReleaseOpenSSL|Any CPU.ActiveCfg = ReleaseOpenSSL|x64
		{22462382-B30D-42A5-BF07-EE1A35E25D21}.ReleaseOpenSSL|Any CPU.Build.0 = ReleaseOpenSSL|x64
		{22462382-B30D-42A5-BF07-EE1A35E25D21}.ReleaseOpenSSL|Win32.ActiveCfg = ReleaseOpenSSL|Win32
		{22462382-B30D-42A5-BF07-EE1A35E25D21}.ReleaseOpenSSL|Win32.Build.0 = ReleaseOpenSSL|Win32
		{22462382-B30D-42A5-BF07-EE1A35E25D21}.ReleaseOpenSSL|x64.ActiveCfg = ReleaseOpenSSL|x64
		{22462382-B30D-42A5-BF07-EE1A35E25D21}.ReleaseOpenSSL|x64.Build.0 = ReleaseOpenSSL|x64
		{22462382-B30D-42A5-BF07-EE1A35E25D21}.ReleasePython|Any CPU.ActiveCfg = MementoDLL|Win32
		{22462382-B30D-42A5-BF07-EE1A35E25D21}.ReleasePython|Any CPU.Build.0 = MementoDLL|Win32
		{22462382-B30D-42A5-BF07-EE1A35E25D21}.ReleasePython|Win32.ActiveCfg = ReleaseDLL|Win32
		{22462382-B30D-42A5-BF07-EE1A35E25D21}.ReleasePython|Win32.Build.0 = ReleaseDLL|Win32
		{22462382-B30D-42A5-BF07-EE1A35E25D21}.ReleasePython|x64.ActiveCfg = ReleaseDLL|x64
		{22462382-B30D-42A5-BF07-EE1A35E25D21}.ReleasePython|x64.Build.0 = ReleaseDLL|x64
		{22462382-B30D-42A5-BF07-EE1A35E25D21}.ReleaseTesseract|Any CPU.ActiveCfg = MementoDLL|Win32
		{22462382-B30D-42A5-BF07-EE1A35E25D21}.ReleaseTesseract|Any CPU.Build.0 = MementoDLL|Win32
		{22462382-B30D-42A5-BF07-EE1A35E25D21}.ReleaseTesseract|Win32.ActiveCfg = Release|Win32
		{22462382-B30D-42A5-BF07-EE1A35E25D21}.ReleaseTesseract|Win32.Build.0 = Release|Win32
		{22462382-B30D-42A5-BF07-EE1A35E25D21}.ReleaseTesseract|x64.ActiveCfg = Release|x64
		{22462382-B30D-42A5-BF07-EE1A35E25D21}.ReleaseTesseract|x64.Build.0 = Release|x64
		{BFE316B3-BD90-433A-A20D-C73975F1CAA7}.Debug|Any CPU.ActiveCfg = Release|Win32
		{BFE316B3-BD90-433A-A20D-C73975F1CAA7}.Debug|Any CPU.Build.0 = Release|Win32
		{BFE316B3-BD90-433A-A20D-C73975F1CAA7}.Debug|Win32.ActiveCfg = Release|Win32
		{BFE316B3-BD90-433A-A20D-C73975F1CAA7}.Debug|Win32.Build.0 = Release|Win32
		{BFE316B3-BD90-433A-A20D-C73975F1CAA7}.Debug|x64.ActiveCfg = Release|Win32
		{BFE316B3-BD90-433A-A20D-C73975F1CAA7}.Debug|x64.Build.0 = Release|Win32
		{BFE316B3-BD90-433A-A20D-C73975F1CAA7}.DebugGSView|Any CPU.ActiveCfg = Release|Win32
		{BFE316B3-BD90-433A-A20D-C73975F1CAA7}.DebugGSView|Any CPU.Build.0 = Release|Win32
		{BFE316B3-BD90-433A-A20D-C73975F1CAA7}.DebugGSView|Win32.ActiveCfg = Release|Win32
		{BFE316B3-BD90-433A-A20D-C73975F1CAA7}.DebugGSView|Win32.Build.0 = Release|Win32
		{BFE316B3-BD90-433A-A20D-C73975F1CAA7}.DebugGSView|x64.ActiveCfg = Release|Win32
		{BFE316B3-BD90-433A-A20D-C73975F1CAA7}.DebugGSView|x64.Build.0 = Release|Win32
		{BFE316B3-BD90-433A-A20D-C73975F1CAA7}.DebugJava|Any CPU.ActiveCfg = Release|Win32
		{BFE316B3-BD90-433A-A20D-C73975F1CAA7}.DebugJava|Any CPU.Build.0 = Release|Win32
		{BFE316B3-BD90-433A-A20D-C73975F1CAA7}.DebugJava|Win32.ActiveCfg = Release|Win32
		{BFE316B3-BD90-433A-A20D-C73975F1CAA7}.DebugJava|Win32.Build.0 = Release|Win32
		{BFE316B3-BD90-433A-A20D-C73975F1CAA7}.DebugJava|x64.ActiveCfg = Release|Win32
		{BFE316B3-BD90-433A-A20D-C73975F1CAA7}.DebugJava|x64.Build.0 = Release|Win32
		{BFE316B3-BD90-433A-A20D-C73975F1CAA7}.DebugOpenSSL|Any CPU.ActiveCfg = Release|Win32
		{BFE316B3-BD90-433A-A20D-C73975F1CAA7}.DebugOpenSSL|Any CPU.Build.0 = Release|Win32
		{BFE316B3-BD90-433A-A20D-C73975F1CAA7}.DebugOpenSSL|Win32.ActiveCfg = Release|Win32
		{BFE316B3-BD90-433A-A20D-C73975F1CAA7}.DebugOpenSSL|Win32.Build.0 = Release|Win32
		{BFE316B3-BD90-433A-A20D-C73975F1CAA7}.DebugOpenSSL|x64.ActiveCfg = Release|Win32
		{BFE316B3-BD90-433A-A20D-C73975F1CAA7}.DebugOpenSSL|x64.Build.0 = Release|Win32
		{BFE316B3-BD90-433A-A20D-C73975F1CAA7}.DebugPython|Any CPU.ActiveCfg = Release|Win32
		{BFE316B3-BD90-433A-A20D-C73975F1CAA7}.DebugPython|Any CPU.Build.0 = Release|Win32
		{BFE316B3-BD90-433A-A20D-C73975F1CAA7}.DebugPython|Win32.ActiveCfg = Release|Win32
		{BFE316B3-BD90-433A-A20D-C73975F1CAA7}.DebugPython|Win32.Build.0 = Release|Win32
		{BFE316B3-BD90-433A-A20D-C73975F1CAA7}.DebugPython|x64.ActiveCfg = Release|Win32
		{BFE316B3-BD90-433A-A20D-C73975F1CAA7}.DebugPython|x64.Build.0 = Release|Win32
		{BFE316B3-BD90-433A-A20D-C73975F1CAA7}.DebugTesseract|Any CPU.ActiveCfg = Release|Win32
		{BFE316B3-BD90-433A-A20D-C73975F1CAA7}.DebugTesseract|Any CPU.Build.0 = Release|Win32
		{BFE316B3-BD90-433A-A20D-C73975F1CAA7}.DebugTesseract|Win32.ActiveCfg = Release|Win32
		{BFE316B3-BD90-433A-A20D-C73975F1CAA7}.DebugTesseract|Win32.Build.0 = Release|Win32
		{BFE316B3-BD90-433A-A20D-C73975F1CAA7}.DebugTesseract|x64.ActiveCfg = Release|Win32
		{BFE316B3-BD90-433A-A20D-C73975F1CAA7}.DebugTesseract|x64.Build.0 = Release|Win32
		{BFE316B3-BD90-433A-A20D-C73975F1CAA7}.Memento|Any CPU.ActiveCfg = Release|Win32
		{BFE316B3-BD90-433A-A20D-C73975F1CAA7}.Memento|Any CPU.Build.0 = Release|Win32
		{BFE316B3-BD90-433A-A20D-C73975F1CAA7}.Memento|Win32.ActiveCfg = Release|Win32
		{BFE316B3-BD90-433A-A20D-C73975F1CAA7}.Memento|Win32.Build.0 = Release|Win32
		{BFE316B3-BD90-433A-A20D-C73975F1CAA7}.Memento|x64.ActiveCfg = Release|Win32
		{BFE316B3-BD90-433A-A20D-C73975F1CAA7}.MementoOpenSSL|Any CPU.ActiveCfg = Release|Win32
		{BFE316B3-BD90-433A-A20D-C73975F1CAA7}.MementoOpenSSL|Any CPU.Build.0 = Release|Win32
		{BFE316B3-BD90-433A-A20D-C73975F1CAA7}.MementoOpenSSL|Win32.ActiveCfg = Release|Win32
		{BFE316B3-BD90-433A-A20D-C73975F1CAA7}.MementoOpenSSL|Win32.Build.0 = Release|Win32
		{BFE316B3-BD90-433A-A20D-C73975F1CAA7}.MementoOpenSSL|x64.ActiveCfg = Release|Win32
		{BFE316B3-BD90-433A-A20D-C73975F1CAA7}.MementoOpenSSL|x64.Build.0 = Release|Win32
		{BFE316B3-BD90-433A-A20D-C73975F1CAA7}.MementoTesseract|Any CPU.ActiveCfg = Release|Win32
		{BFE316B3-BD90-433A-A20D-C73975F1CAA7}.MementoTesseract|Any CPU.Build.0 = Release|Win32
		{BFE316B3-BD90-433A-A20D-C73975F1CAA7}.MementoTesseract|Win32.ActiveCfg = Release|Win32
		{BFE316B3-BD90-433A-A20D-C73975F1CAA7}.MementoTesseract|Win32.Build.0 = Release|Win32
		{BFE316B3-BD90-433A-A20D-C73975F1CAA7}.MementoTesseract|x64.ActiveCfg = Release|Win32
		{BFE316B3-BD90-433A-A20D-C73975F1CAA7}.MementoTesseract|x64.Build.0 = Release|Win32
		{BFE316B3-BD90-433A-A20D-C73975F1CAA7}.Release|Any CPU.ActiveCfg = Release|Win32
		{BFE316B3-BD90-433A-A20D-C73975F1CAA7}.Release|Any CPU.Build.0 = Release|Win32
		{BFE316B3-BD90-433A-A20D-C73975F1CAA7}.Release|Win32.ActiveCfg = Release|Win32
		{BFE316B3-BD90-433A-A20D-C73975F1CAA7}.Release|Win32.Build.0 = Release|Win32
		{BFE316B3-BD90-433A-A20D-C73975F1CAA7}.Release|x64.ActiveCfg = Release|Win32
		{BFE316B3-BD90-433A-A20D-C73975F1CAA7}.ReleaseGSView|Any CPU.ActiveCfg = Release|Win32
		{BFE316B3-BD90-433A-A20D-C73975F1CAA7}.ReleaseGSView|Any CPU.Build.0 = Release|Win32
		{BFE316B3-BD90-433A-A20D-C73975F1CAA7}.ReleaseGSView|Win32.ActiveCfg = Release|Win32
		{BFE316B3-BD90-433A-A20D-C73975F1CAA7}.ReleaseGSView|Win32.Build.0 = Release|Win32
		{BFE316B3-BD90-433A-A20D-C73975F1CAA7}.ReleaseGSView|x64.ActiveCfg = Release|Win32
		{BFE316B3-BD90-433A-A20D-C73975F1CAA7}.ReleaseGSView|x64.Build.0 = Release|Win32
		{BFE316B3-BD90-433A-A20D-C73975F1CAA7}.ReleaseJava|Any CPU.ActiveCfg = Release|Win32
		{BFE316B3-BD90-433A-A20D-C73975F1CAA7}.ReleaseJava|Any CPU.Build.0 = Release|Win32
		{BFE316B3-BD90-433A-A20D-C73975F1CAA7}.ReleaseJava|Win32.ActiveCfg = Release|Win32
		{BFE316B3-BD90-433A-A20D-C73975F1CAA7}.ReleaseJava|Win32.Build.0 = Release|Win32
		{BFE316B3-BD90-433A-A20D-C73975F1CAA7}.ReleaseJava|x64.ActiveCfg = Release|Win32
		{BFE316B3-BD90-433A-A20D-C73975F1CAA7}.ReleaseOpenSSL|Any CPU.ActiveCfg = Release|Win32
		{BFE316B3-BD90-433A-A20D-C73975F1CAA7}.ReleaseOpenSSL|Any CPU.Build.0 = Release|Win32
		{BFE316B3-BD90-433A-A20D-C73975F1CAA7}.ReleaseOpenSSL|Win32.ActiveCfg = Release|Win32
		{BFE316B3-BD90-433A-A20D-C73975F1CAA7}.ReleaseOpenSSL|Win32.Build.0 = Release|Win32
		{BFE316B3-BD90-433A-A20D-C73975F1CAA7}.ReleaseOpenSSL|x64.ActiveCfg = Release|Win32
		{BFE316B3-BD90-433A-A20D-C73975F1CAA7}.ReleaseOpenSSL|x64.Build.0 = Release|Win32
		{BFE316B3-BD90-433A-A20D-C73975F1CAA7}.ReleasePython|Any CPU.ActiveCfg = Release|Win32
		{BFE316B3-BD90-433A-A20D-C73975F1CAA7}.ReleasePython|Any CPU.Build.0 = Release|Win32
		{BFE316B3-BD90-433A-A20D-C73975F1CAA7}.ReleasePython|Win32.ActiveCfg = Release|Win32
		{BFE316B3-BD90-433A-A20D-C73975F1CAA7}.ReleasePython|Win32.Build.0 = Release|Win32
		{BFE316B3-BD90-433A-A20D-C73975F1CAA7}.ReleasePython|x64.ActiveCfg = Release|Win32
		{BFE316B3-BD90-433A-A20D-C73975F1CAA7}.ReleasePython|x64.Build.0 = Release|Win32
		{BFE316B3-BD90-433A-A20D-C73975F1CAA7}.ReleaseTesseract|Any CPU.ActiveCfg = Release|Win32
		{BFE316B3-BD90-433A-A20D-C73975F1CAA7}.ReleaseTesseract|Any CPU.Build.0 = Release|Win32
		{BFE316B3-BD90-433A-A20D-C73975F1CAA7}.ReleaseTesseract|Win32.ActiveCfg = Release|Win32
		{BFE316B3-BD90-433A-A20D-C73975F1CAA7}.ReleaseTesseract|Win32.Build.0 = Release|Win32
		{BFE316B3-BD90-433A-A20D-C73975F1CAA7}.ReleaseTesseract|x64.ActiveCfg = Release|Win32
		{BFE316B3-BD90-433A-A20D-C73975F1CAA7}.ReleaseTesseract|x64.Build.0 = Release|Win32
		{DA38CA0B-89B9-4703-A77D-8049AC3A0D04}.Debug|Any CPU.ActiveCfg = Debug|x64
		{DA38CA0B-89B9-4703-A77D-8049AC3A0D04}.Debug|Any CPU.Build.0 = Debug|x64
		{DA38CA0B-89B9-4703-A77D-8049AC3A0D04}.Debug|Win32.ActiveCfg = Debug|Win32
		{DA38CA0B-89B9-4703-A77D-8049AC3A0D04}.Debug|Win32.Build.0 = Debug|Win32
		{DA38CA0B-89B9-4703-A77D-8049AC3A0D04}.Debug|x64.ActiveCfg = Debug|x64
		{DA38CA0B-89B9-4703-A77D-8049AC3A0D04}.Debug|x64.Build.0 = Debug|x64
		{DA38CA0B-89B9-4703-A77D-8049AC3A0D04}.DebugGSView|Any CPU.ActiveCfg = MementoDLL|Win32
		{DA38CA0B-89B9-4703-A77D-8049AC3A0D04}.DebugGSView|Any CPU.Build.0 = MementoDLL|Win32
		{DA38CA0B-89B9-4703-A77D-8049AC3A0D04}.DebugGSView|Win32.ActiveCfg = Debug|Win32
		{DA38CA0B-89B9-4703-A77D-8049AC3A0D04}.DebugGSView|Win32.Build.0 = Debug|Win32
		{DA38CA0B-89B9-4703-A77D-8049AC3A0D04}.DebugGSView|x64.ActiveCfg = Debug|x64
		{DA38CA0B-89B9-4703-A77D-8049AC3A0D04}.DebugGSView|x64.Build.0 = Debug|x64
		{DA38CA0B-89B9-4703-A77D-8049AC3A0D04}.DebugJava|Any CPU.ActiveCfg = MementoDLL|Win32
		{DA38CA0B-89B9-4703-A77D-8049AC3A0D04}.DebugJava|Any CPU.Build.0 = MementoDLL|Win32
		{DA38CA0B-89B9-4703-A77D-8049AC3A0D04}.DebugJava|Win32.ActiveCfg = Debug|Win32
		{DA38CA0B-89B9-4703-A77D-8049AC3A0D04}.DebugJava|Win32.Build.0 = Debug|Win32
		{DA38CA0B-89B9-4703-A77D-8049AC3A0D04}.DebugJava|x64.ActiveCfg = Debug|x64
		{DA38CA0B-89B9-4703-A77D-8049AC3A0D04}.DebugJava|x64.Build.0 = Debug|x64
		{DA38CA0B-89B9-4703-A77D-8049AC3A0D04}.DebugOpenSSL|Any CPU.ActiveCfg = MementoDLL|Win32
		{DA38CA0B-89B9-4703-A77D-8049AC3A0D04}.DebugOpenSSL|Any CPU.Build.0 = MementoDLL|Win32
		{DA38CA0B-89B9-4703-A77D-8049AC3A0D04}.DebugOpenSSL|Win32.ActiveCfg = Debug|Win32
		{DA38CA0B-89B9-4703-A77D-8049AC3A0D04}.DebugOpenSSL|Win32.Build.0 = Debug|Win32
		{DA38CA0B-89B9-4703-A77D-8049AC3A0D04}.DebugOpenSSL|x64.ActiveCfg = Debug|x64
		{DA38CA0B-89B9-4703-A77D-8049AC3A0D04}.DebugOpenSSL|x64.Build.0 = Debug|x64
		{DA38CA0B-89B9-4703-A77D-8049AC3A0D04}.DebugPython|Any CPU.ActiveCfg = MementoDLL|Win32
		{DA38CA0B-89B9-4703-A77D-8049AC3A0D04}.DebugPython|Any CPU.Build.0 = MementoDLL|Win32
		{DA38CA0B-89B9-4703-A77D-8049AC3A0D04}.DebugPython|Win32.ActiveCfg = DebugDLL|Win32
		{DA38CA0B-89B9-4703-A77D-8049AC3A0D04}.DebugPython|Win32.Build.0 = DebugDLL|Win32
		{DA38CA0B-89B9-4703-A77D-8049AC3A0D04}.DebugPython|x64.ActiveCfg = DebugDLL|x64
		{DA38CA0B-89B9-4703-A77D-8049AC3A0D04}.DebugPython|x64.Build.0 = DebugDLL|x64
		{DA38CA0B-89B9-4703-A77D-8049AC3A0D04}.DebugTesseract|Any CPU.ActiveCfg = MementoDLL|Win32
		{DA38CA0B-89B9-4703-A77D-8049AC3A0D04}.DebugTesseract|Any CPU.Build.0 = MementoDLL|Win32
		{DA38CA0B-89B9-4703-A77D-8049AC3A0D04}.DebugTesseract|Win32.ActiveCfg = Debug|Win32
		{DA38CA0B-89B9-4703-A77D-8049AC3A0D04}.DebugTesseract|Win32.Build.0 = Debug|Win32
		{DA38CA0B-89B9-4703-A77D-8049AC3A0D04}.DebugTesseract|x64.ActiveCfg = Debug|x64
		{DA38CA0B-89B9-4703-A77D-8049AC3A0D04}.DebugTesseract|x64.Build.0 = Debug|x64
		{DA38CA0B-89B9-4703-A77D-8049AC3A0D04}.Memento|Any CPU.ActiveCfg = Memento|x64
		{DA38CA0B-89B9-4703-A77D-8049AC3A0D04}.Memento|Any CPU.Build.0 = Memento|x64
		{DA38CA0B-89B9-4703-A77D-8049AC3A0D04}.Memento|Win32.ActiveCfg = Memento|Win32
		{DA38CA0B-89B9-4703-A77D-8049AC3A0D04}.Memento|Win32.Build.0 = Memento|Win32
		{DA38CA0B-89B9-4703-A77D-8049AC3A0D04}.Memento|x64.ActiveCfg = Memento|x64
		{DA38CA0B-89B9-4703-A77D-8049AC3A0D04}.Memento|x64.Build.0 = Memento|x64
		{DA38CA0B-89B9-4703-A77D-8049AC3A0D04}.MementoOpenSSL|Any CPU.ActiveCfg = MementoDLL|Win32
		{DA38CA0B-89B9-4703-A77D-8049AC3A0D04}.MementoOpenSSL|Any CPU.Build.0 = MementoDLL|Win32
		{DA38CA0B-89B9-4703-A77D-8049AC3A0D04}.MementoOpenSSL|Win32.ActiveCfg = Memento|Win32
		{DA38CA0B-89B9-4703-A77D-8049AC3A0D04}.MementoOpenSSL|Win32.Build.0 = Memento|Win32
		{DA38CA0B-89B9-4703-A77D-8049AC3A0D04}.MementoOpenSSL|x64.ActiveCfg = Memento|x64
		{DA38CA0B-89B9-4703-A77D-8049AC3A0D04}.MementoOpenSSL|x64.Build.0 = Memento|x64
		{DA38CA0B-89B9-4703-A77D-8049AC3A0D04}.MementoTesseract|Any CPU.ActiveCfg = MementoDLL|Win32
		{DA38CA0B-89B9-4703-A77D-8049AC3A0D04}.MementoTesseract|Any CPU.Build.0 = MementoDLL|Win32
		{DA38CA0B-89B9-4703-A77D-8049AC3A0D04}.MementoTesseract|Win32.ActiveCfg = Memento|Win32
		{DA38CA0B-89B9-4703-A77D-8049AC3A0D04}.MementoTesseract|Win32.Build.0 = Memento|Win32
		{DA38CA0B-89B9-4703-A77D-8049AC3A0D04}.MementoTesseract|x64.ActiveCfg = Memento|x64
		{DA38CA0B-89B9-4703-A77D-8049AC3A0D04}.MementoTesseract|x64.Build.0 = Memento|x64
		{DA38CA0B-89B9-4703-A77D-8049AC3A0D04}.Release|Any CPU.ActiveCfg = Release|x64
		{DA38CA0B-89B9-4703-A77D-8049AC3A0D04}.Release|Any CPU.Build.0 = Release|x64
		{DA38CA0B-89B9-4703-A77D-8049AC3A0D04}.Release|Win32.ActiveCfg = Release|Win32
		{DA38CA0B-89B9-4703-A77D-8049AC3A0D04}.Release|Win32.Build.0 = Release|Win32
		{DA38CA0B-89B9-4703-A77D-8049AC3A0D04}.Release|x64.ActiveCfg = Release|x64
		{DA38CA0B-89B9-4703-A77D-8049AC3A0D04}.Release|x64.Build.0 = Release|x64
		{DA38CA0B-89B9-4703-A77D-8049AC3A0D04}.ReleaseGSView|Any CPU.ActiveCfg = MementoDLL|Win32
		{DA38CA0B-89B9-4703-A77D-8049AC3A0D04}.ReleaseGSView|Any CPU.Build.0 = MementoDLL|Win32
		{DA38CA0B-89B9-4703-A77D-8049AC3A0D04}.ReleaseGSView|Win32.ActiveCfg = Release|Win32
		{DA38CA0B-89B9-4703-A77D-8049AC3A0D04}.ReleaseGSView|Win32.Build.0 = Release|Win32
		{DA38CA0B-89B9-4703-A77D-8049AC3A0D04}.ReleaseGSView|x64.ActiveCfg = Release|x64
		{DA38CA0B-89B9-4703-A77D-8049AC3A0D04}.ReleaseGSView|x64.Build.0 = Release|x64
		{DA38CA0B-89B9-4703-A77D-8049AC3A0D04}.ReleaseJava|Any CPU.ActiveCfg = MementoDLL|Win32
		{DA38CA0B-89B9-4703-A77D-8049AC3A0D04}.ReleaseJava|Any CPU.Build.0 = MementoDLL|Win32
		{DA38CA0B-89B9-4703-A77D-8049AC3A0D04}.ReleaseJava|Win32.ActiveCfg = Release|Win32
		{DA38CA0B-89B9-4703-A77D-8049AC3A0D04}.ReleaseJava|Win32.Build.0 = Release|Win32
		{DA38CA0B-89B9-4703-A77D-8049AC3A0D04}.ReleaseJava|x64.ActiveCfg = Release|x64
		{DA38CA0B-89B9-4703-A77D-8049AC3A0D04}.ReleaseJava|x64.Build.0 = Release|x64
		{DA38CA0B-89B9-4703-A77D-8049AC3A0D04}.ReleaseOpenSSL|Any CPU.ActiveCfg = MementoDLL|Win32
		{DA38CA0B-89B9-4703-A77D-8049AC3A0D04}.ReleaseOpenSSL|Any CPU.Build.0 = MementoDLL|Win32
		{DA38CA0B-89B9-4703-A77D-8049AC3A0D04}.ReleaseOpenSSL|Win32.ActiveCfg = Release|Win32
		{DA38CA0B-89B9-4703-A77D-8049AC3A0D04}.ReleaseOpenSSL|Win32.Build.0 = Release|Win32
		{DA38CA0B-89B9-4703-A77D-8049AC3A0D04}.ReleaseOpenSSL|x64.ActiveCfg = Release|x64
		{DA38CA0B-89B9-4703-A77D-8049AC3A0D04}.ReleaseOpenSSL|x64.Build.0 = Release|x64
		{DA38CA0B-89B9-4703-A77D-8049AC3A0D04}.ReleasePython|Any CPU.ActiveCfg = MementoDLL|Win32
		{DA38CA0B-89B9-4703-A77D-8049AC3A0D04}.ReleasePython|Any CPU.Build.0 = MementoDLL|Win32
		{DA38CA0B-89B9-4703-A77D-8049AC3A0D04}.ReleasePython|Win32.ActiveCfg = ReleaseDLL|Win32
		{DA38CA0B-89B9-4703-A77D-8049AC3A0D04}.ReleasePython|Win32.Build.0 = ReleaseDLL|Win32
		{DA38CA0B-89B9-4703-A77D-8049AC3A0D04}.ReleasePython|x64.ActiveCfg = ReleaseDLL|x64
		{DA38CA0B-89B9-4703-A77D-8049AC3A0D04}.ReleasePython|x64.Build.0 = ReleaseDLL|x64
		{DA38CA0B-89B9-4703-A77D-8049AC3A0D04}.ReleaseTesseract|Any CPU.ActiveCfg = MementoDLL|Win32
		{DA38CA0B-89B9-4703-A77D-8049AC3A0D04}.ReleaseTesseract|Any CPU.Build.0 = MementoDLL|Win32
		{DA38CA0B-89B9-4703-A77D-8049AC3A0D04}.ReleaseTesseract|Win32.ActiveCfg = Release|Win32
		{DA38CA0B-89B9-4703-A77D-8049AC3A0D04}.ReleaseTesseract|Win32.Build.0 = Release|Win32
		{DA38CA0B-89B9-4703-A77D-8049AC3A0D04}.ReleaseTesseract|x64.ActiveCfg = Release|x64
		{DA38CA0B-89B9-4703-A77D-8049AC3A0D04}.ReleaseTesseract|x64.Build.0 = Release|x64
		{1897AFFE-97EC-4B8E-ADCC-6A19BA3F9EEF}.Debug|Any CPU.ActiveCfg = Debug|x64
		{1897AFFE-97EC-4B8E-ADCC-6A19BA3F9EEF}.Debug|Any CPU.Build.0 = Debug|x64
		{1897AFFE-97EC-4B8E-ADCC-6A19BA3F9EEF}.Debug|Win32.ActiveCfg = Debug|Win32
		{1897AFFE-97EC-4B8E-ADCC-6A19BA3F9EEF}.Debug|Win32.Build.0 = Debug|Win32
		{1897AFFE-97EC-4B8E-ADCC-6A19BA3F9EEF}.Debug|x64.ActiveCfg = Debug|x64
		{1897AFFE-97EC-4B8E-ADCC-6A19BA3F9EEF}.Debug|x64.Build.0 = Debug|x64
		{1897AFFE-97EC-4B8E-ADCC-6A19BA3F9EEF}.DebugGSView|Any CPU.ActiveCfg = Debug|Win32
		{1897AFFE-97EC-4B8E-ADCC-6A19BA3F9EEF}.DebugGSView|Any CPU.Build.0 = Debug|Win32
		{1897AFFE-97EC-4B8E-ADCC-6A19BA3F9EEF}.DebugGSView|Win32.ActiveCfg = Debug|Win32
		{1897AFFE-97EC-4B8E-ADCC-6A19BA3F9EEF}.DebugGSView|Win32.Build.0 = Debug|Win32
		{1897AFFE-97EC-4B8E-ADCC-6A19BA3F9EEF}.DebugGSView|x64.ActiveCfg = Debug|x64
		{1897AFFE-97EC-4B8E-ADCC-6A19BA3F9EEF}.DebugGSView|x64.Build.0 = Debug|x64
		{1897AFFE-97EC-4B8E-ADCC-6A19BA3F9EEF}.DebugJava|Any CPU.ActiveCfg = Debug|Win32
		{1897AFFE-97EC-4B8E-ADCC-6A19BA3F9EEF}.DebugJava|Any CPU.Build.0 = Debug|Win32
		{1897AFFE-97EC-4B8E-ADCC-6A19BA3F9EEF}.DebugJava|Win32.ActiveCfg = Debug|Win32
		{1897AFFE-97EC-4B8E-ADCC-6A19BA3F9EEF}.DebugJava|Win32.Build.0 = Debug|Win32
		{1897AFFE-97EC-4B8E-ADCC-6A19BA3F9EEF}.DebugJava|x64.ActiveCfg = Debug|x64
		{1897AFFE-97EC-4B8E-ADCC-6A19BA3F9EEF}.DebugJava|x64.Build.0 = Debug|x64
		{1897AFFE-97EC-4B8E-ADCC-6A19BA3F9EEF}.DebugOpenSSL|Any CPU.ActiveCfg = Debug|Win32
		{1897AFFE-97EC-4B8E-ADCC-6A19BA3F9EEF}.DebugOpenSSL|Any CPU.Build.0 = Debug|Win32
		{1897AFFE-97EC-4B8E-ADCC-6A19BA3F9EEF}.DebugOpenSSL|Win32.ActiveCfg = Debug|Win32
		{1897AFFE-97EC-4B8E-ADCC-6A19BA3F9EEF}.DebugOpenSSL|Win32.Build.0 = Debug|Win32
		{1897AFFE-97EC-4B8E-ADCC-6A19BA3F9EEF}.DebugOpenSSL|x64.ActiveCfg = Debug|x64
		{1897AFFE-97EC-4B8E-ADCC-6A19BA3F9EEF}.DebugOpenSSL|x64.Build.0 = Debug|x64
		{1897AFFE-97EC-4B8E-ADCC-6A19BA3F9EEF}.DebugPython|Any CPU.ActiveCfg = Debug|Win32
		{1897AFFE-97EC-4B8E-ADCC-6A19BA3F9EEF}.DebugPython|Any CPU.Build.0 = Debug|Win32
		{1897AFFE-97EC-4B8E-ADCC-6A19BA3F9EEF}.DebugPython|Win32.ActiveCfg = Debug|Win32
		{1897AFFE-97EC-4B8E-ADCC-6A19BA3F9EEF}.DebugPython|Win32.Build.0 = Debug|Win32
		{1897AFFE-97EC-4B8E-ADCC-6A19BA3F9EEF}.DebugPython|x64.ActiveCfg = Debug|x64
		{1897AFFE-97EC-4B8E-ADCC-6A19BA3F9EEF}.DebugPython|x64.Build.0 = Debug|x64
		{1897AFFE-97EC-4B8E-ADCC-6A19BA3F9EEF}.DebugTesseract|Any CPU.ActiveCfg = Debug|Win32
		{1897AFFE-97EC-4B8E-ADCC-6A19BA3F9EEF}.DebugTesseract|Any CPU.Build.0 = Debug|Win32
		{1897AFFE-97EC-4B8E-ADCC-6A19BA3F9EEF}.DebugTesseract|Win32.ActiveCfg = Debug|Win32
		{1897AFFE-97EC-4B8E-ADCC-6A19BA3F9EEF}.DebugTesseract|Win32.Build.0 = Debug|Win32
		{1897AFFE-97EC-4B8E-ADCC-6A19BA3F9EEF}.DebugTesseract|x64.ActiveCfg = Debug|x64
		{1897AFFE-97EC-4B8E-ADCC-6A19BA3F9EEF}.DebugTesseract|x64.Build.0 = Debug|x64
		{1897AFFE-97EC-4B8E-ADCC-6A19BA3F9EEF}.Memento|Any CPU.ActiveCfg = Debug|Win32
		{1897AFFE-97EC-4B8E-ADCC-6A19BA3F9EEF}.Memento|Any CPU.Build.0 = Debug|Win32
		{1897AFFE-97EC-4B8E-ADCC-6A19BA3F9EEF}.Memento|Win32.ActiveCfg = Debug|Win32
		{1897AFFE-97EC-4B8E-ADCC-6A19BA3F9EEF}.Memento|Win32.Build.0 = Debug|Win32
		{1897AFFE-97EC-4B8E-ADCC-6A19BA3F9EEF}.Memento|x64.ActiveCfg = Debug|x64
		{1897AFFE-97EC-4B8E-ADCC-6A19BA3F9EEF}.Memento|x64.Build.0 = Debug|x64
		{1897AFFE-97EC-4B8E-ADCC-6A19BA3F9EEF}.MementoOpenSSL|Any CPU.ActiveCfg = Debug|Win32
		{1897AFFE-97EC-4B8E-ADCC-6A19BA3F9EEF}.MementoOpenSSL|Any CPU.Build.0 = Debug|Win32
		{1897AFFE-97EC-4B8E-ADCC-6A19BA3F9EEF}.MementoOpenSSL|Win32.ActiveCfg = Debug|Win32
		{1897AFFE-97EC-4B8E-ADCC-6A19BA3F9EEF}.MementoOpenSSL|Win32.Build.0 = Debug|Win32
		{1897AFFE-97EC-4B8E-ADCC-6A19BA3F9EEF}.MementoOpenSSL|x64.ActiveCfg = Debug|x64
		{1897AFFE-97EC-4B8E-ADCC-6A19BA3F9EEF}.MementoOpenSSL|x64.Build.0 = Debug|x64
		{1897AFFE-97EC-4B8E-ADCC-6A19BA3F9EEF}.MementoTesseract|Any CPU.ActiveCfg = Debug|Win32
		{1897AFFE-97EC-4B8E-ADCC-6A19BA3F9EEF}.MementoTesseract|Any CPU.Build.0 = Debug|Win32
		{1897AFFE-97EC-4B8E-ADCC-6A19BA3F9EEF}.MementoTesseract|Win32.ActiveCfg = Debug|Win32
		{1897AFFE-97EC-4B8E-ADCC-6A19BA3F9EEF}.MementoTesseract|Win32.Build.0 = Debug|Win32
		{1897AFFE-97EC-4B8E-ADCC-6A19BA3F9EEF}.MementoTesseract|x64.ActiveCfg = Debug|x64
		{1897AFFE-97EC-4B8E-ADCC-6A19BA3F9EEF}.MementoTesseract|x64.Build.0 = Debug|x64
		{1897AFFE-97EC-4B8E-ADCC-6A19BA3F9EEF}.Release|Any CPU.ActiveCfg = Release|x64
		{1897AFFE-97EC-4B8E-ADCC-6A19BA3F9EEF}.Release|Any CPU.Build.0 = Release|x64
		{1897AFFE-97EC-4B8E-ADCC-6A19BA3F9EEF}.Release|Win32.ActiveCfg = Release|Win32
		{1897AFFE-97EC-4B8E-ADCC-6A19BA3F9EEF}.Release|Win32.Build.0 = Release|Win32
		{1897AFFE-97EC-4B8E-ADCC-6A19BA3F9EEF}.Release|x64.ActiveCfg = Release|x64
		{1897AFFE-97EC-4B8E-ADCC-6A19BA3F9EEF}.Release|x64.Build.0 = Release|x64
		{1897AFFE-97EC-4B8E-ADCC-6A19BA3F9EEF}.ReleaseGSView|Any CPU.ActiveCfg = Debug|Win32
		{1897AFFE-97EC-4B8E-ADCC-6A19BA3F9EEF}.ReleaseGSView|Any CPU.Build.0 = Debug|Win32
		{1897AFFE-97EC-4B8E-ADCC-6A19BA3F9EEF}.ReleaseGSView|Win32.ActiveCfg = Release|Win32
		{1897AFFE-97EC-4B8E-ADCC-6A19BA3F9EEF}.ReleaseGSView|Win32.Build.0 = Release|Win32
		{1897AFFE-97EC-4B8E-ADCC-6A19BA3F9EEF}.ReleaseGSView|x64.ActiveCfg = Release|x64
		{1897AFFE-97EC-4B8E-ADCC-6A19BA3F9EEF}.ReleaseGSView|x64.Build.0 = Release|x64
		{1897AFFE-97EC-4B8E-ADCC-6A19BA3F9EEF}.ReleaseJava|Any CPU.ActiveCfg = Debug|Win32
		{1897AFFE-97EC-4B8E-ADCC-6A19BA3F9EEF}.ReleaseJava|Any CPU.Build.0 = Debug|Win32
		{1897AFFE-97EC-4B8E-ADCC-6A19BA3F9EEF}.ReleaseJava|Win32.ActiveCfg = Release|Win32
		{1897AFFE-97EC-4B8E-ADCC-6A19BA3F9EEF}.ReleaseJava|Win32.Build.0 = Release|Win32
		{1897AFFE-97EC-4B8E-ADCC-6A19BA3F9EEF}.ReleaseJava|x64.ActiveCfg = Release|x64
		{1897AFFE-97EC-4B8E-ADCC-6A19BA3F9EEF}.ReleaseJava|x64.Build.0 = Release|x64
		{1897AFFE-97EC-4B8E-ADCC-6A19BA3F9EEF}.ReleaseOpenSSL|Any CPU.ActiveCfg = Debug|Win32
		{1897AFFE-97EC-4B8E-ADCC-6A19BA3F9EEF}.ReleaseOpenSSL|Any CPU.Build.0 = Debug|Win32
		{1897AFFE-97EC-4B8E-ADCC-6A19BA3F9EEF}.ReleaseOpenSSL|Win32.ActiveCfg = Release|Win32
		{1897AFFE-97EC-4B8E-ADCC-6A19BA3F9EEF}.ReleaseOpenSSL|Win32.Build.0 = Release|Win32
		{1897AFFE-97EC-4B8E-ADCC-6A19BA3F9EEF}.ReleaseOpenSSL|x64.ActiveCfg = Release|x64
		{1897AFFE-97EC-4B8E-ADCC-6A19BA3F9EEF}.ReleaseOpenSSL|x64.Build.0 = Release|x64
		{1897AFFE-97EC-4B8E-ADCC-6A19BA3F9EEF}.ReleasePython|Any CPU.ActiveCfg = Debug|Win32
		{1897AFFE-97EC-4B8E-ADCC-6A19BA3F9EEF}.ReleasePython|Any CPU.Build.0 = Debug|Win32
		{1897AFFE-97EC-4B8E-ADCC-6A19BA3F9EEF}.ReleasePython|Win32.ActiveCfg = Release|Win32
		{1897AFFE-97EC-4B8E-ADCC-6A19BA3F9EEF}.ReleasePython|Win32.Build.0 = Release|Win32
		{1897AFFE-97EC-4B8E-ADCC-6A19BA3F9EEF}.ReleasePython|x64.ActiveCfg = Release|x64
		{1897AFFE-97EC-4B8E-ADCC-6A19BA3F9EEF}.ReleasePython|x64.Build.0 = Release|x64
		{1897AFFE-97EC-4B8E-ADCC-6A19BA3F9EEF}.ReleaseTesseract|Any CPU.ActiveCfg = Debug|Win32
		{1897AFFE-97EC-4B8E-ADCC-6A19BA3F9EEF}.ReleaseTesseract|Any CPU.Build.0 = Debug|Win32
		{1897AFFE-97EC-4B8E-ADCC-6A19BA3F9EEF}.ReleaseTesseract|Win32.ActiveCfg = Release|Win32
		{1897AFFE-97EC-4B8E-ADCC-6A19BA3F9EEF}.ReleaseTesseract|Win32.Build.0 = Release|Win32
		{1897AFFE-97EC-4B8E-ADCC-6A19BA3F9EEF}.ReleaseTesseract|x64.ActiveCfg = Release|x64
		{1897AFFE-97EC-4B8E-ADCC-6A19BA3F9EEF}.ReleaseTesseract|x64.Build.0 = Release|x64
		{FDFF1E27-8BFF-470D-9450-ABC6120E1E9A}.Debug|Any CPU.ActiveCfg = Debug|Any CPU
		{FDFF1E27-8BFF-470D-9450-ABC6120E1E9A}.Debug|Any CPU.Build.0 = Debug|Any CPU
		{FDFF1E27-8BFF-470D-9450-ABC6120E1E9A}.Debug|Win32.ActiveCfg = Debug|Any CPU
		{FDFF1E27-8BFF-470D-9450-ABC6120E1E9A}.Debug|Win32.Build.0 = Debug|Any CPU
		{FDFF1E27-8BFF-470D-9450-ABC6120E1E9A}.Debug|x64.ActiveCfg = Debug|Any CPU
		{FDFF1E27-8BFF-470D-9450-ABC6120E1E9A}.Debug|x64.Build.0 = Debug|Any CPU
		{FDFF1E27-8BFF-470D-9450-ABC6120E1E9A}.DebugGSView|Any CPU.ActiveCfg = Debug|Any CPU
		{FDFF1E27-8BFF-470D-9450-ABC6120E1E9A}.DebugGSView|Any CPU.Build.0 = Debug|Any CPU
		{FDFF1E27-8BFF-470D-9450-ABC6120E1E9A}.DebugGSView|Win32.ActiveCfg = Debug|Any CPU
		{FDFF1E27-8BFF-470D-9450-ABC6120E1E9A}.DebugGSView|Win32.Build.0 = Debug|Any CPU
		{FDFF1E27-8BFF-470D-9450-ABC6120E1E9A}.DebugGSView|x64.ActiveCfg = Debug|Any CPU
		{FDFF1E27-8BFF-470D-9450-ABC6120E1E9A}.DebugGSView|x64.Build.0 = Debug|Any CPU
		{FDFF1E27-8BFF-470D-9450-ABC6120E1E9A}.DebugJava|Any CPU.ActiveCfg = Debug|Any CPU
		{FDFF1E27-8BFF-470D-9450-ABC6120E1E9A}.DebugJava|Any CPU.Build.0 = Debug|Any CPU
		{FDFF1E27-8BFF-470D-9450-ABC6120E1E9A}.DebugJava|Win32.ActiveCfg = Debug|Any CPU
		{FDFF1E27-8BFF-470D-9450-ABC6120E1E9A}.DebugJava|Win32.Build.0 = Debug|Any CPU
		{FDFF1E27-8BFF-470D-9450-ABC6120E1E9A}.DebugJava|x64.ActiveCfg = Debug|Any CPU
		{FDFF1E27-8BFF-470D-9450-ABC6120E1E9A}.DebugJava|x64.Build.0 = Debug|Any CPU
		{FDFF1E27-8BFF-470D-9450-ABC6120E1E9A}.DebugOpenSSL|Any CPU.ActiveCfg = Debug|Any CPU
		{FDFF1E27-8BFF-470D-9450-ABC6120E1E9A}.DebugOpenSSL|Any CPU.Build.0 = Debug|Any CPU
		{FDFF1E27-8BFF-470D-9450-ABC6120E1E9A}.DebugOpenSSL|Win32.ActiveCfg = Debug|Any CPU
		{FDFF1E27-8BFF-470D-9450-ABC6120E1E9A}.DebugOpenSSL|Win32.Build.0 = Debug|Any CPU
		{FDFF1E27-8BFF-470D-9450-ABC6120E1E9A}.DebugOpenSSL|x64.ActiveCfg = Debug|Any CPU
		{FDFF1E27-8BFF-470D-9450-ABC6120E1E9A}.DebugOpenSSL|x64.Build.0 = Debug|Any CPU
		{FDFF1E27-8BFF-470D-9450-ABC6120E1E9A}.DebugPython|Any CPU.ActiveCfg = Debug|Any CPU
		{FDFF1E27-8BFF-470D-9450-ABC6120E1E9A}.DebugPython|Any CPU.Build.0 = Debug|Any CPU
		{FDFF1E27-8BFF-470D-9450-ABC6120E1E9A}.DebugPython|Win32.ActiveCfg = Debug|Any CPU
		{FDFF1E27-8BFF-470D-9450-ABC6120E1E9A}.DebugPython|Win32.Build.0 = Debug|Any CPU
		{FDFF1E27-8BFF-470D-9450-ABC6120E1E9A}.DebugPython|x64.ActiveCfg = Debug|Any CPU
		{FDFF1E27-8BFF-470D-9450-ABC6120E1E9A}.DebugPython|x64.Build.0 = Debug|Any CPU
		{FDFF1E27-8BFF-470D-9450-ABC6120E1E9A}.DebugTesseract|Any CPU.ActiveCfg = Debug|Any CPU
		{FDFF1E27-8BFF-470D-9450-ABC6120E1E9A}.DebugTesseract|Any CPU.Build.0 = Debug|Any CPU
		{FDFF1E27-8BFF-470D-9450-ABC6120E1E9A}.DebugTesseract|Win32.ActiveCfg = Debug|Any CPU
		{FDFF1E27-8BFF-470D-9450-ABC6120E1E9A}.DebugTesseract|Win32.Build.0 = Debug|Any CPU
		{FDFF1E27-8BFF-470D-9450-ABC6120E1E9A}.DebugTesseract|x64.ActiveCfg = Debug|Any CPU
		{FDFF1E27-8BFF-470D-9450-ABC6120E1E9A}.DebugTesseract|x64.Build.0 = Debug|Any CPU
		{FDFF1E27-8BFF-470D-9450-ABC6120E1E9A}.Memento|Any CPU.ActiveCfg = Debug|Any CPU
		{FDFF1E27-8BFF-470D-9450-ABC6120E1E9A}.Memento|Any CPU.Build.0 = Debug|Any CPU
		{FDFF1E27-8BFF-470D-9450-ABC6120E1E9A}.Memento|Win32.ActiveCfg = Debug|Any CPU
		{FDFF1E27-8BFF-470D-9450-ABC6120E1E9A}.Memento|Win32.Build.0 = Debug|Any CPU
		{FDFF1E27-8BFF-470D-9450-ABC6120E1E9A}.Memento|x64.ActiveCfg = Debug|Any CPU
		{FDFF1E27-8BFF-470D-9450-ABC6120E1E9A}.Memento|x64.Build.0 = Debug|Any CPU
		{FDFF1E27-8BFF-470D-9450-ABC6120E1E9A}.MementoOpenSSL|Any CPU.ActiveCfg = Debug|Any CPU
		{FDFF1E27-8BFF-470D-9450-ABC6120E1E9A}.MementoOpenSSL|Any CPU.Build.0 = Debug|Any CPU
		{FDFF1E27-8BFF-470D-9450-ABC6120E1E9A}.MementoOpenSSL|Win32.ActiveCfg = Debug|Any CPU
		{FDFF1E27-8BFF-470D-9450-ABC6120E1E9A}.MementoOpenSSL|Win32.Build.0 = Debug|Any CPU
		{FDFF1E27-8BFF-470D-9450-ABC6120E1E9A}.MementoOpenSSL|x64.ActiveCfg = Debug|Any CPU
		{FDFF1E27-8BFF-470D-9450-ABC6120E1E9A}.MementoOpenSSL|x64.Build.0 = Debug|Any CPU
		{FDFF1E27-8BFF-470D-9450-ABC6120E1E9A}.MementoTesseract|Any CPU.ActiveCfg = Debug|Any CPU
		{FDFF1E27-8BFF-470D-9450-ABC6120E1E9A}.MementoTesseract|Any CPU.Build.0 = Debug|Any CPU
		{FDFF1E27-8BFF-470D-9450-ABC6120E1E9A}.MementoTesseract|Win32.ActiveCfg = Debug|Any CPU
		{FDFF1E27-8BFF-470D-9450-ABC6120E1E9A}.MementoTesseract|Win32.Build.0 = Debug|Any CPU
		{FDFF1E27-8BFF-470D-9450-ABC6120E1E9A}.MementoTesseract|x64.ActiveCfg = Debug|Any CPU
		{FDFF1E27-8BFF-470D-9450-ABC6120E1E9A}.MementoTesseract|x64.Build.0 = Debug|Any CPU
		{FDFF1E27-8BFF-470D-9450-ABC6120E1E9A}.Release|Any CPU.ActiveCfg = Release|Any CPU
		{FDFF1E27-8BFF-470D-9450-ABC6120E1E9A}.Release|Any CPU.Build.0 = Release|Any CPU
		{FDFF1E27-8BFF-470D-9450-ABC6120E1E9A}.Release|Win32.ActiveCfg = Release|Any CPU
		{FDFF1E27-8BFF-470D-9450-ABC6120E1E9A}.Release|Win32.Build.0 = Release|Any CPU
		{FDFF1E27-8BFF-470D-9450-ABC6120E1E9A}.Release|x64.ActiveCfg = Release|Any CPU
		{FDFF1E27-8BFF-470D-9450-ABC6120E1E9A}.Release|x64.Build.0 = Release|Any CPU
		{FDFF1E27-8BFF-470D-9450-ABC6120E1E9A}.ReleaseGSView|Any CPU.ActiveCfg = Release|Any CPU
		{FDFF1E27-8BFF-470D-9450-ABC6120E1E9A}.ReleaseGSView|Any CPU.Build.0 = Release|Any CPU
		{FDFF1E27-8BFF-470D-9450-ABC6120E1E9A}.ReleaseGSView|Win32.ActiveCfg = Release|Any CPU
		{FDFF1E27-8BFF-470D-9450-ABC6120E1E9A}.ReleaseGSView|Win32.Build.0 = Release|Any CPU
		{FDFF1E27-8BFF-470D-9450-ABC6120E1E9A}.ReleaseGSView|x64.ActiveCfg = Release|Any CPU
		{FDFF1E27-8BFF-470D-9450-ABC6120E1E9A}.ReleaseGSView|x64.Build.0 = Release|Any CPU
		{FDFF1E27-8BFF-470D-9450-ABC6120E1E9A}.ReleaseJava|Any CPU.ActiveCfg = Release|Any CPU
		{FDFF1E27-8BFF-470D-9450-ABC6120E1E9A}.ReleaseJava|Any CPU.Build.0 = Release|Any CPU
		{FDFF1E27-8BFF-470D-9450-ABC6120E1E9A}.ReleaseJava|Win32.ActiveCfg = Release|Any CPU
		{FDFF1E27-8BFF-470D-9450-ABC6120E1E9A}.ReleaseJava|Win32.Build.0 = Release|Any CPU
		{FDFF1E27-8BFF-470D-9450-ABC6120E1E9A}.ReleaseJava|x64.ActiveCfg = Release|Any CPU
		{FDFF1E27-8BFF-470D-9450-ABC6120E1E9A}.ReleaseJava|x64.Build.0 = Release|Any CPU
		{FDFF1E27-8BFF-470D-9450-ABC6120E1E9A}.ReleaseOpenSSL|Any CPU.ActiveCfg = Release|Any CPU
		{FDFF1E27-8BFF-470D-9450-ABC6120E1E9A}.ReleaseOpenSSL|Any CPU.Build.0 = Release|Any CPU
		{FDFF1E27-8BFF-470D-9450-ABC6120E1E9A}.ReleaseOpenSSL|Win32.ActiveCfg = Release|Any CPU
		{FDFF1E27-8BFF-470D-9450-ABC6120E1E9A}.ReleaseOpenSSL|Win32.Build.0 = Release|Any CPU
		{FDFF1E27-8BFF-470D-9450-ABC6120E1E9A}.ReleaseOpenSSL|x64.ActiveCfg = Release|Any CPU
		{FDFF1E27-8BFF-470D-9450-ABC6120E1E9A}.ReleaseOpenSSL|x64.Build.0 = Release|Any CPU
		{FDFF1E27-8BFF-470D-9450-ABC6120E1E9A}.ReleasePython|Any CPU.ActiveCfg = Release|Any CPU
		{FDFF1E27-8BFF-470D-9450-ABC6120E1E9A}.ReleasePython|Any CPU.Build.0 = Release|Any CPU
		{FDFF1E27-8BFF-470D-9450-ABC6120E1E9A}.ReleasePython|Win32.ActiveCfg = Release|Any CPU
		{FDFF1E27-8BFF-470D-9450-ABC6120E1E9A}.ReleasePython|Win32.Build.0 = Release|Any CPU
		{FDFF1E27-8BFF-470D-9450-ABC6120E1E9A}.ReleasePython|x64.ActiveCfg = Release|Any CPU
		{FDFF1E27-8BFF-470D-9450-ABC6120E1E9A}.ReleasePython|x64.Build.0 = Release|Any CPU
		{FDFF1E27-8BFF-470D-9450-ABC6120E1E9A}.ReleaseTesseract|Any CPU.ActiveCfg = Release|Any CPU
		{FDFF1E27-8BFF-470D-9450-ABC6120E1E9A}.ReleaseTesseract|Any CPU.Build.0 = Release|Any CPU
		{FDFF1E27-8BFF-470D-9450-ABC6120E1E9A}.ReleaseTesseract|Win32.ActiveCfg = Release|Any CPU
		{FDFF1E27-8BFF-470D-9450-ABC6120E1E9A}.ReleaseTesseract|Win32.Build.0 = Release|Any CPU
		{FDFF1E27-8BFF-470D-9450-ABC6120E1E9A}.ReleaseTesseract|x64.ActiveCfg = Release|Any CPU
		{FDFF1E27-8BFF-470D-9450-ABC6120E1E9A}.ReleaseTesseract|x64.Build.0 = Release|Any CPU
	EndGlobalSection
	GlobalSection(SolutionProperties) = preSolution
		HideSolutionNode = FALSE
	EndGlobalSection
	GlobalSection(ExtensibilityGlobals) = postSolution
		SolutionGuid = {2E24DFDB-899D-4402-8236-30B1678A086B}
	EndGlobalSection
EndGlobal
